{
  "version": 4,
  "terraform_version": "1.13.4",
  "serial": 202,
  "lineage": "c7f454bf-34c6-950e-7a1d-4bfe03a8e513",
  "outputs": {
    "availability_zones": {
      "value": [
        "us-east-1a",
        "us-east-1b"
      ],
      "type": [
        "tuple",
        [
          "string",
          "string"
        ]
      ]
    },
    "cloudwatch_logs_endpoint_id": {
      "value": "vpce-01716ea75f8751906",
      "type": "string"
    },
    "dynamodb_endpoint_id": {
      "value": "vpce-05b4fc0e91ac3cc2c",
      "type": "string"
    },
    "dynamodb_endpoint_prefix_list_id": {
      "value": "pl-02cd2c6b",
      "type": "string"
    },
    "dynamodb_table_arn": {
      "value": "arn:aws:dynamodb:us-east-1:037689899742:table/SmartGrowData",
      "type": "string"
    },
    "dynamodb_table_name": {
      "value": "SmartGrowData",
      "type": "string"
    },
    "ecr_api_endpoint_id": {
      "value": "vpce-086620c4274b58220",
      "type": "string"
    },
    "ecr_dkr_endpoint_id": {
      "value": "vpce-03a04434862d9afb1",
      "type": "string"
    },
    "ecs_alb_arn": {
      "value": "arn:aws:elasticloadbalancing:us-east-1:037689899742:loadbalancer/app/merida-alb/6607ee86b2ad275a",
      "type": "string"
    },
    "ecs_alb_dns_name": {
      "value": "merida-alb-616942613.us-east-1.elb.amazonaws.com",
      "type": "string"
    },
    "ecs_cluster_arn": {
      "value": "arn:aws:ecs:us-east-1:037689899742:cluster/merida-cluster",
      "type": "string"
    },
    "ecs_cluster_id": {
      "value": "arn:aws:ecs:us-east-1:037689899742:cluster/merida-cluster",
      "type": "string"
    },
    "ecs_cluster_name": {
      "value": "merida-cluster",
      "type": "string"
    },
    "ecs_container_security_group_id": {
      "value": "sg-0c987022ab3486e55",
      "type": "string"
    },
    "ecs_container_security_group_name": {
      "value": "MyMainVPC-ECSContainerSG",
      "type": "string"
    },
    "ecs_log_group_name": {
      "value": "/ecs/merida-cluster/merida-task",
      "type": "string"
    },
    "ecs_service_id": {
      "value": "arn:aws:ecs:us-east-1:037689899742:service/merida-cluster/merida-service",
      "type": "string"
    },
    "ecs_service_name": {
      "value": "merida-service",
      "type": "string"
    },
    "ecs_target_group_arn": {
      "value": "arn:aws:elasticloadbalancing:us-east-1:037689899742:targetgroup/merida-alb-tg/8f501f9f48b4b7f3",
      "type": "string"
    },
    "ecs_task_definition_arn": {
      "value": "arn:aws:ecs:us-east-1:037689899742:task-definition/merida-task:7",
      "type": "string"
    },
    "internet_gateway_id": {
      "value": "igw-0845ccf0b8070a8c3",
      "type": "string"
    },
    "iot_rule_arn": {
      "value": "arn:aws:iot:us-east-1:037689899742:rule/iot_to_lambda_rule",
      "type": "string"
    },
    "iot_rule_name": {
      "value": "iot_to_lambda_rule",
      "type": "string"
    },
    "lambda_cloudwatch_log_group": {
      "value": "/aws/lambda/Lambda-IoT-Handler",
      "type": "string"
    },
    "lambda_function_arn": {
      "value": "arn:aws:lambda:us-east-1:037689899742:function:Lambda-IoT-Handler",
      "type": "string"
    },
    "lambda_function_invoke_arn": {
      "value": "arn:aws:apigateway:us-east-1:lambda:path/2015-03-31/functions/arn:aws:lambda:us-east-1:037689899742:function:Lambda-IoT-Handler/invocations",
      "type": "string"
    },
    "lambda_function_name": {
      "value": "Lambda-IoT-Handler",
      "type": "string"
    },
    "private_route_table_id": {
      "value": "rtb-0a19fd08d4fb6400f",
      "type": "string"
    },
    "private_subnet_a_id": {
      "value": "subnet-0c0b5111699c110ac",
      "type": "string"
    },
    "private_subnet_b_id": {
      "value": "subnet-06bbffd81fa1e0838",
      "type": "string"
    },
    "private_subnet_ids": {
      "value": [
        "subnet-0c0b5111699c110ac",
        "subnet-06bbffd81fa1e0838"
      ],
      "type": [
        "tuple",
        [
          "string",
          "string"
        ]
      ]
    },
    "public_route_table_id": {
      "value": "rtb-0cf226c3deb9dbb22",
      "type": "string"
    },
    "public_subnet_a_id": {
      "value": "subnet-0df5d17e51492267f",
      "type": "string"
    },
    "public_subnet_b_id": {
      "value": "subnet-0259c2eef55355800",
      "type": "string"
    },
    "public_subnet_ids": {
      "value": [
        "subnet-0df5d17e51492267f",
        "subnet-0259c2eef55355800"
      ],
      "type": [
        "tuple",
        [
          "string",
          "string"
        ]
      ]
    },
    "s3_endpoint_id": {
      "value": "vpce-006f67bd2c8e934bd",
      "type": "string"
    },
    "s3_endpoint_prefix_list_id": {
      "value": "pl-63a5400a",
      "type": "string"
    },
    "vpc_cidr_block": {
      "value": "10.0.0.0/16",
      "type": "string"
    },
    "vpc_endpoints_security_group_id": {
      "value": "sg-048e9fb0993a6b684",
      "type": "string"
    },
    "vpc_endpoints_security_group_name": {
      "value": "MyMainVPC-VPCEndpointsSG",
      "type": "string"
    },
    "vpc_id": {
      "value": "vpc-0b322af01e9f3ebfe",
      "type": "string"
    }
  },
  "resources": [
    {
      "module": "module.dynamodb_table",
      "mode": "managed",
      "type": "aws_dynamodb_table",
      "name": "smart_grow_data",
      "provider": "provider[\"registry.terraform.io/hashicorp/aws\"]",
      "instances": [
        {
          "schema_version": 1,
          "attributes": {
            "arn": "arn:aws:dynamodb:us-east-1:037689899742:table/SmartGrowData",
            "attribute": [
              {
                "name": "GSI_PK",
                "type": "S"
              },
              {
                "name": "GSI_SK",
                "type": "S"
              },
              {
                "name": "PK",
                "type": "S"
              },
              {
                "name": "SK",
                "type": "S"
              }
            ],
            "billing_mode": "PAY_PER_REQUEST",
            "deletion_protection_enabled": false,
            "global_secondary_index": [
              {
                "hash_key": "GSI_PK",
                "name": "GSI",
                "non_key_attributes": [],
                "on_demand_throughput": [],
                "projection_type": "ALL",
                "range_key": "GSI_SK",
                "read_capacity": 0,
                "write_capacity": 0
              }
            ],
            "hash_key": "PK",
            "id": "SmartGrowData",
            "import_table": [],
            "local_secondary_index": [],
            "name": "SmartGrowData",
            "on_demand_throughput": [],
            "point_in_time_recovery": [
              {
                "enabled": true,
                "recovery_period_in_days": 35
              }
            ],
            "range_key": "SK",
            "read_capacity": 0,
            "replica": [],
            "restore_date_time": null,
            "restore_source_name": null,
            "restore_source_table_arn": null,
            "restore_to_latest_time": null,
            "server_side_encryption": [
              {
                "enabled": true,
                "kms_key_arn": ""
              }
            ],
            "stream_arn": "",
            "stream_enabled": false,
            "stream_label": "",
            "stream_view_type": "",
            "table_class": "STANDARD",
            "tags": {
              "Environment": "dev",
              "ManagedBy": "Terraform",
              "Name": "SmartGrowData",
              "Project": "Merida"
            },
            "tags_all": {
              "Environment": "dev",
              "ManagedBy": "Terraform",
              "Name": "SmartGrowData",
              "Project": "Merida"
            },
            "timeouts": null,
            "ttl": [
              {
                "attribute_name": "",
                "enabled": false
              }
            ],
            "write_capacity": 0
          },
          "sensitive_attributes": [],
          "identity_schema_version": 0,
          "private": "eyJlMmJmYjczMC1lY2FhLTExZTYtOGY4OC0zNDM2M2JjN2M0YzAiOnsiY3JlYXRlIjoxODAwMDAwMDAwMDAwLCJkZWxldGUiOjYwMDAwMDAwMDAwMCwidXBkYXRlIjozNjAwMDAwMDAwMDAwfSwic2NoZW1hX3ZlcnNpb24iOiIxIn0=",
          "create_before_destroy": true
        }
      ]
    },
    {
      "module": "module.ecr_backend",
      "mode": "managed",
      "type": "aws_ecr_lifecycle_policy",
      "name": "this",
      "provider": "provider[\"registry.terraform.io/hashicorp/aws\"]",
      "instances": [
        {
          "schema_version": 0,
          "attributes": {
            "id": "merida-backend",
            "policy": "{\"rules\":[{\"action\":{\"type\":\"expire\"},\"description\":\"Keep last 10 images\",\"rulePriority\":1,\"selection\":{\"countNumber\":10,\"countType\":\"imageCountMoreThan\",\"tagPrefixList\":[\"latest\"],\"tagStatus\":\"tagged\"}},{\"action\":{\"type\":\"expire\"},\"description\":\"Expire untagged images after 7 days\",\"rulePriority\":2,\"selection\":{\"countNumber\":7,\"countType\":\"sinceImagePushed\",\"countUnit\":\"days\",\"tagStatus\":\"untagged\"}}]}",
            "registry_id": "037689899742",
            "repository": "merida-backend"
          },
          "sensitive_attributes": [],
          "identity_schema_version": 0,
          "private": "bnVsbA==",
          "dependencies": [
            "module.ecr_backend.aws_ecr_repository.this"
          ]
        }
      ]
    },
    {
      "module": "module.ecr_backend",
      "mode": "managed",
      "type": "aws_ecr_repository",
      "name": "this",
      "provider": "provider[\"registry.terraform.io/hashicorp/aws\"]",
      "instances": [
        {
          "schema_version": 0,
          "attributes": {
            "arn": "arn:aws:ecr:us-east-1:037689899742:repository/merida-backend",
            "encryption_configuration": [
              {
                "encryption_type": "AES256",
                "kms_key": ""
              }
            ],
            "force_delete": null,
            "id": "merida-backend",
            "image_scanning_configuration": [
              {
                "scan_on_push": true
              }
            ],
            "image_tag_mutability": "MUTABLE",
            "name": "merida-backend",
            "registry_id": "037689899742",
            "repository_url": "037689899742.dkr.ecr.us-east-1.amazonaws.com/merida-backend",
            "tags": {
              "Environment": "dev",
              "ManagedBy": "Terraform",
              "Project": "Merida"
            },
            "tags_all": {
              "Environment": "dev",
              "ManagedBy": "Terraform",
              "Project": "Merida"
            },
            "timeouts": null
          },
          "sensitive_attributes": [],
          "identity_schema_version": 0,
          "private": "eyJlMmJmYjczMC1lY2FhLTExZTYtOGY4OC0zNDM2M2JjN2M0YzAiOnsiZGVsZXRlIjoxMjAwMDAwMDAwMDAwfX0="
        }
      ]
    },
    {
      "module": "module.ecs",
      "mode": "managed",
      "type": "aws_cloudwatch_log_group",
      "name": "task",
      "provider": "provider[\"registry.terraform.io/hashicorp/aws\"]",
      "instances": [
        {
          "schema_version": 0,
          "attributes": {
            "arn": "arn:aws:logs:us-east-1:037689899742:log-group:/ecs/merida-cluster/merida-task",
            "id": "/ecs/merida-cluster/merida-task",
            "kms_key_id": "",
            "log_group_class": "STANDARD",
            "name": "/ecs/merida-cluster/merida-task",
            "name_prefix": "",
            "retention_in_days": 7,
            "skip_destroy": false,
            "tags": {
              "Environment": "dev",
              "ManagedBy": "Terraform",
              "Name": "merida-task-logs",
              "Project": "Merida"
            },
            "tags_all": {
              "Environment": "dev",
              "ManagedBy": "Terraform",
              "Name": "merida-task-logs",
              "Project": "Merida"
            }
          },
          "sensitive_attributes": [],
          "identity_schema_version": 0,
          "private": "bnVsbA=="
        }
      ]
    },
    {
      "module": "module.ecs",
      "mode": "managed",
      "type": "aws_ecs_cluster",
      "name": "this",
      "provider": "provider[\"registry.terraform.io/hashicorp/aws\"]",
      "instances": [
        {
          "schema_version": 0,
          "attributes": {
            "arn": "arn:aws:ecs:us-east-1:037689899742:cluster/merida-cluster",
            "configuration": [],
            "id": "arn:aws:ecs:us-east-1:037689899742:cluster/merida-cluster",
            "name": "merida-cluster",
            "service_connect_defaults": [],
            "setting": [
              {
                "name": "containerInsights",
                "value": "disabled"
              }
            ],
            "tags": {
              "Environment": "dev",
              "ManagedBy": "Terraform",
              "Name": "merida-cluster",
              "Project": "Merida"
            },
            "tags_all": {
              "Environment": "dev",
              "ManagedBy": "Terraform",
              "Name": "merida-cluster",
              "Project": "Merida"
            }
          },
          "sensitive_attributes": [],
          "identity_schema_version": 0,
          "private": "bnVsbA=="
        }
      ]
    },
    {
      "module": "module.ecs",
      "mode": "managed",
      "type": "aws_ecs_service",
      "name": "this",
      "provider": "provider[\"registry.terraform.io/hashicorp/aws\"]",
      "instances": [
        {
          "schema_version": 1,
          "attributes": {
            "alarms": [],
            "availability_zone_rebalancing": "DISABLED",
            "capacity_provider_strategy": [],
            "cluster": "arn:aws:ecs:us-east-1:037689899742:cluster/merida-cluster",
            "deployment_circuit_breaker": [
              {
                "enable": false,
                "rollback": false
              }
            ],
            "deployment_controller": [
              {
                "type": "ECS"
              }
            ],
            "deployment_maximum_percent": 200,
            "deployment_minimum_healthy_percent": 50,
            "desired_count": 1,
            "enable_ecs_managed_tags": false,
            "enable_execute_command": false,
            "force_delete": null,
            "force_new_deployment": null,
            "health_check_grace_period_seconds": 0,
            "iam_role": "/aws-service-role/ecs.amazonaws.com/AWSServiceRoleForECS",
            "id": "arn:aws:ecs:us-east-1:037689899742:service/merida-cluster/merida-service",
            "launch_type": "FARGATE",
            "load_balancer": [
              {
                "container_name": "merida-container",
                "container_port": 80,
                "elb_name": "",
                "target_group_arn": "arn:aws:elasticloadbalancing:us-east-1:037689899742:targetgroup/merida-alb-tg/8f501f9f48b4b7f3"
              }
            ],
            "name": "merida-service",
            "network_configuration": [
              {
                "assign_public_ip": false,
                "security_groups": [
                  "sg-0c987022ab3486e55"
                ],
                "subnets": [
                  "subnet-06bbffd81fa1e0838",
                  "subnet-0c0b5111699c110ac"
                ]
              }
            ],
            "ordered_placement_strategy": [],
            "placement_constraints": [],
            "platform_version": "LATEST",
            "propagate_tags": "NONE",
            "scheduling_strategy": "REPLICA",
            "service_connect_configuration": [],
            "service_registries": [],
            "tags": {
              "Environment": "dev",
              "ManagedBy": "Terraform",
              "Name": "merida-service",
              "Project": "Merida"
            },
            "tags_all": {
              "Environment": "dev",
              "ManagedBy": "Terraform",
              "Name": "merida-service",
              "Project": "Merida"
            },
            "task_definition": "arn:aws:ecs:us-east-1:037689899742:task-definition/merida-task:7",
            "timeouts": null,
            "triggers": {},
            "volume_configuration": [],
            "vpc_lattice_configurations": [],
            "wait_for_steady_state": false
          },
          "sensitive_attributes": [],
          "identity_schema_version": 0,
          "private": "eyJlMmJmYjczMC1lY2FhLTExZTYtOGY4OC0zNDM2M2JjN2M0YzAiOnsiY3JlYXRlIjoxMjAwMDAwMDAwMDAwLCJkZWxldGUiOjEyMDAwMDAwMDAwMDAsInVwZGF0ZSI6MTIwMDAwMDAwMDAwMH0sInNjaGVtYV92ZXJzaW9uIjoiMSJ9",
          "dependencies": [
            "module.ecs.aws_cloudwatch_log_group.task",
            "module.ecs.aws_ecs_cluster.this",
            "module.ecs.aws_ecs_task_definition.this",
            "module.ecs.aws_lb_target_group.this",
            "module.vpc.aws_security_group.ecs_container",
            "module.vpc.aws_subnet.private_a",
            "module.vpc.aws_subnet.private_b",
            "module.vpc.aws_vpc.main",
            "module.vpc.data.aws_availability_zones.available"
          ]
        }
      ]
    },
    {
      "module": "module.ecs",
      "mode": "managed",
      "type": "aws_lb",
      "name": "alb",
      "provider": "provider[\"registry.terraform.io/hashicorp/aws\"]",
      "instances": [
        {
          "schema_version": 0,
          "attributes": {
            "access_logs": [
              {
                "bucket": "",
                "enabled": false,
                "prefix": ""
              }
            ],
            "arn": "arn:aws:elasticloadbalancing:us-east-1:037689899742:loadbalancer/app/merida-alb/6607ee86b2ad275a",
            "arn_suffix": "app/merida-alb/6607ee86b2ad275a",
            "client_keep_alive": 3600,
            "connection_logs": [
              {
                "bucket": "",
                "enabled": false,
                "prefix": ""
              }
            ],
            "customer_owned_ipv4_pool": "",
            "desync_mitigation_mode": "defensive",
            "dns_name": "merida-alb-616942613.us-east-1.elb.amazonaws.com",
            "dns_record_client_routing_policy": null,
            "drop_invalid_header_fields": false,
            "enable_cross_zone_load_balancing": true,
            "enable_deletion_protection": false,
            "enable_http2": true,
            "enable_tls_version_and_cipher_suite_headers": false,
            "enable_waf_fail_open": false,
            "enable_xff_client_port": false,
            "enable_zonal_shift": false,
            "enforce_security_group_inbound_rules_on_private_link_traffic": "",
            "id": "arn:aws:elasticloadbalancing:us-east-1:037689899742:loadbalancer/app/merida-alb/6607ee86b2ad275a",
            "idle_timeout": 60,
            "internal": false,
            "ip_address_type": "ipv4",
            "ipam_pools": [],
            "load_balancer_type": "application",
            "minimum_load_balancer_capacity": [],
            "name": "merida-alb",
            "name_prefix": "",
            "preserve_host_header": false,
            "security_groups": [
              "sg-086b6b87f7822777e"
            ],
            "subnet_mapping": [
              {
                "allocation_id": "",
                "ipv6_address": "",
                "outpost_id": "",
                "private_ipv4_address": "",
                "subnet_id": "subnet-0259c2eef55355800"
              },
              {
                "allocation_id": "",
                "ipv6_address": "",
                "outpost_id": "",
                "private_ipv4_address": "",
                "subnet_id": "subnet-0df5d17e51492267f"
              }
            ],
            "subnets": [
              "subnet-0259c2eef55355800",
              "subnet-0df5d17e51492267f"
            ],
            "tags": {
              "Environment": "dev",
              "ManagedBy": "Terraform",
              "Name": "merida-alb",
              "Project": "Merida"
            },
            "tags_all": {
              "Environment": "dev",
              "ManagedBy": "Terraform",
              "Name": "merida-alb",
              "Project": "Merida"
            },
            "timeouts": null,
            "vpc_id": "vpc-0b322af01e9f3ebfe",
            "xff_header_processing_mode": "append",
            "zone_id": "Z35SXDOTRQ7X7K"
          },
          "sensitive_attributes": [],
          "identity_schema_version": 0,
          "private": "eyJlMmJmYjczMC1lY2FhLTExZTYtOGY4OC0zNDM2M2JjN2M0YzAiOnsiY3JlYXRlIjo2MDAwMDAwMDAwMDAsImRlbGV0ZSI6NjAwMDAwMDAwMDAwLCJ1cGRhdGUiOjYwMDAwMDAwMDAwMH19",
          "dependencies": [
            "module.ecs.aws_security_group.alb",
            "module.vpc.aws_subnet.public_a",
            "module.vpc.aws_subnet.public_b",
            "module.vpc.aws_vpc.main",
            "module.vpc.data.aws_availability_zones.available"
          ]
        }
      ]
    },
    {
      "module": "module.ecs",
      "mode": "managed",
      "type": "aws_lb_listener",
      "name": "http",
      "provider": "provider[\"registry.terraform.io/hashicorp/aws\"]",
      "instances": [
        {
          "schema_version": 0,
          "attributes": {
            "alpn_policy": null,
            "arn": "arn:aws:elasticloadbalancing:us-east-1:037689899742:listener/app/merida-alb/6607ee86b2ad275a/b87476bd588d7f79",
            "certificate_arn": null,
            "default_action": [
              {
                "authenticate_cognito": [],
                "authenticate_oidc": [],
                "fixed_response": [],
                "forward": [],
                "order": 1,
                "redirect": [],
                "target_group_arn": "arn:aws:elasticloadbalancing:us-east-1:037689899742:targetgroup/merida-alb-tg/8f501f9f48b4b7f3",
                "type": "forward"
              }
            ],
            "id": "arn:aws:elasticloadbalancing:us-east-1:037689899742:listener/app/merida-alb/6607ee86b2ad275a/b87476bd588d7f79",
            "load_balancer_arn": "arn:aws:elasticloadbalancing:us-east-1:037689899742:loadbalancer/app/merida-alb/6607ee86b2ad275a",
            "mutual_authentication": [],
            "port": 80,
            "protocol": "HTTP",
            "routing_http_request_x_amzn_mtls_clientcert_header_name": null,
            "routing_http_request_x_amzn_mtls_clientcert_issuer_header_name": null,
            "routing_http_request_x_amzn_mtls_clientcert_leaf_header_name": null,
            "routing_http_request_x_amzn_mtls_clientcert_serial_number_header_name": null,
            "routing_http_request_x_amzn_mtls_clientcert_subject_header_name": null,
            "routing_http_request_x_amzn_mtls_clientcert_validity_header_name": null,
            "routing_http_request_x_amzn_tls_cipher_suite_header_name": null,
            "routing_http_request_x_amzn_tls_version_header_name": null,
            "routing_http_response_access_control_allow_credentials_header_value": "",
            "routing_http_response_access_control_allow_headers_header_value": "",
            "routing_http_response_access_control_allow_methods_header_value": "",
            "routing_http_response_access_control_allow_origin_header_value": "",
            "routing_http_response_access_control_expose_headers_header_value": "",
            "routing_http_response_access_control_max_age_header_value": "",
            "routing_http_response_content_security_policy_header_value": "",
            "routing_http_response_server_enabled": true,
            "routing_http_response_strict_transport_security_header_value": "",
            "routing_http_response_x_content_type_options_header_value": "",
            "routing_http_response_x_frame_options_header_value": "",
            "ssl_policy": "",
            "tags": null,
            "tags_all": {},
            "tcp_idle_timeout_seconds": null,
            "timeouts": null
          },
          "sensitive_attributes": [],
          "identity_schema_version": 0,
          "private": "eyJlMmJmYjczMC1lY2FhLTExZTYtOGY4OC0zNDM2M2JjN2M0YzAiOnsiY3JlYXRlIjozMDAwMDAwMDAwMDAsInVwZGF0ZSI6MzAwMDAwMDAwMDAwfX0=",
          "dependencies": [
            "module.ecs.aws_lb.alb",
            "module.ecs.aws_lb_target_group.this",
            "module.ecs.aws_security_group.alb",
            "module.vpc.aws_subnet.public_a",
            "module.vpc.aws_subnet.public_b",
            "module.vpc.aws_vpc.main",
            "module.vpc.data.aws_availability_zones.available"
          ]
        }
      ]
    },
    {
      "module": "module.ecs",
      "mode": "managed",
      "type": "aws_lb_target_group",
      "name": "this",
      "provider": "provider[\"registry.terraform.io/hashicorp/aws\"]",
      "instances": [
        {
          "schema_version": 0,
          "attributes": {
            "arn": "arn:aws:elasticloadbalancing:us-east-1:037689899742:targetgroup/merida-alb-tg/8f501f9f48b4b7f3",
            "arn_suffix": "targetgroup/merida-alb-tg/8f501f9f48b4b7f3",
            "connection_termination": null,
            "deregistration_delay": "300",
            "health_check": [
              {
                "enabled": true,
                "healthy_threshold": 2,
                "interval": 30,
                "matcher": "200-399",
                "path": "/",
                "port": "traffic-port",
                "protocol": "HTTP",
                "timeout": 5,
                "unhealthy_threshold": 2
              }
            ],
            "id": "arn:aws:elasticloadbalancing:us-east-1:037689899742:targetgroup/merida-alb-tg/8f501f9f48b4b7f3",
            "ip_address_type": "ipv4",
            "lambda_multi_value_headers_enabled": false,
            "load_balancer_arns": [
              "arn:aws:elasticloadbalancing:us-east-1:037689899742:loadbalancer/app/merida-alb-2ea654e5/477183224557d6d6"
            ],
            "load_balancing_algorithm_type": "round_robin",
            "load_balancing_anomaly_mitigation": "off",
            "load_balancing_cross_zone_enabled": "use_load_balancer_configuration",
            "name": "merida-alb-tg",
            "name_prefix": "",
            "port": 80,
            "preserve_client_ip": null,
            "protocol": "HTTP",
            "protocol_version": "HTTP1",
            "proxy_protocol_v2": false,
            "slow_start": 0,
            "stickiness": [
              {
                "cookie_duration": 86400,
                "cookie_name": "",
                "enabled": false,
                "type": "lb_cookie"
              }
            ],
            "tags": {
              "Environment": "dev",
              "ManagedBy": "Terraform",
              "Name": "merida-alb-tg",
              "Project": "Merida"
            },
            "tags_all": {
              "Environment": "dev",
              "ManagedBy": "Terraform",
              "Name": "merida-alb-tg",
              "Project": "Merida"
            },
            "target_failover": [
              {
                "on_deregistration": null,
                "on_unhealthy": null
              }
            ],
            "target_group_health": [
              {
                "dns_failover": [
                  {
                    "minimum_healthy_targets_count": "1",
                    "minimum_healthy_targets_percentage": "off"
                  }
                ],
                "unhealthy_state_routing": [
                  {
                    "minimum_healthy_targets_count": 1,
                    "minimum_healthy_targets_percentage": "off"
                  }
                ]
              }
            ],
            "target_health_state": [
              {
                "enable_unhealthy_connection_termination": null,
                "unhealthy_draining_interval": null
              }
            ],
            "target_type": "ip",
            "vpc_id": "vpc-0b322af01e9f3ebfe"
          },
          "sensitive_attributes": [],
          "identity_schema_version": 0,
          "private": "bnVsbA==",
          "dependencies": [
            "module.vpc.aws_vpc.main"
          ]
        }
      ]
    },
    {
      "module": "module.ecs",
      "mode": "managed",
      "type": "aws_security_group",
      "name": "alb",
      "provider": "provider[\"registry.terraform.io/hashicorp/aws\"]",
      "instances": [
        {
          "schema_version": 1,
          "attributes": {
            "arn": "arn:aws:ec2:us-east-1:037689899742:security-group/sg-086b6b87f7822777e",
            "description": "ALB SG - allow HTTP from internet",
            "egress": [
              {
                "cidr_blocks": [
                  "0.0.0.0/0"
                ],
                "description": "Allow all outbound traffic",
                "from_port": 0,
                "ipv6_cidr_blocks": [],
                "prefix_list_ids": [],
                "protocol": "-1",
                "security_groups": [],
                "self": false,
                "to_port": 0
              }
            ],
            "id": "sg-086b6b87f7822777e",
            "ingress": [
              {
                "cidr_blocks": [
                  "0.0.0.0/0"
                ],
                "description": "Allow HTTP from everyone",
                "from_port": 80,
                "ipv6_cidr_blocks": [],
                "prefix_list_ids": [],
                "protocol": "tcp",
                "security_groups": [],
                "self": false,
                "to_port": 80
              }
            ],
            "name": "merida-alb-sg",
            "name_prefix": "",
            "owner_id": "037689899742",
            "revoke_rules_on_delete": false,
            "tags": {
              "Environment": "dev",
              "ManagedBy": "Terraform",
              "Name": "merida-alb-sg",
              "Project": "Merida"
            },
            "tags_all": {
              "Environment": "dev",
              "ManagedBy": "Terraform",
              "Name": "merida-alb-sg",
              "Project": "Merida"
            },
            "timeouts": null,
            "vpc_id": "vpc-0b322af01e9f3ebfe"
          },
          "sensitive_attributes": [],
          "identity_schema_version": 0,
          "private": "eyJlMmJmYjczMC1lY2FhLTExZTYtOGY4OC0zNDM2M2JjN2M0YzAiOnsiY3JlYXRlIjo2MDAwMDAwMDAwMDAsImRlbGV0ZSI6OTAwMDAwMDAwMDAwfSwic2NoZW1hX3ZlcnNpb24iOiIxIn0=",
          "dependencies": [
            "module.vpc.aws_vpc.main"
          ]
        }
      ]
    },
    {
      "module": "module.ecs",
      "mode": "managed",
      "type": "aws_security_group_rule",
      "name": "alb_to_tasks_ingress",
      "provider": "provider[\"registry.terraform.io/hashicorp/aws\"]",
      "instances": [
        {
          "schema_version": 2,
          "attributes": {
            "cidr_blocks": null,
            "description": "Allow ALB to talk to ECS tasks on container port",
            "from_port": 80,
            "id": "sgrule-740207850",
            "ipv6_cidr_blocks": null,
            "prefix_list_ids": null,
            "protocol": "tcp",
            "security_group_id": "sg-0c987022ab3486e55",
            "security_group_rule_id": "sgr-0714562a330b97105",
            "self": false,
            "source_security_group_id": "sg-086b6b87f7822777e",
            "timeouts": null,
            "to_port": 80,
            "type": "ingress"
          },
          "sensitive_attributes": [],
          "identity_schema_version": 0,
          "private": "eyJlMmJmYjczMC1lY2FhLTExZTYtOGY4OC0zNDM2M2JjN2M0YzAiOnsiY3JlYXRlIjozMDAwMDAwMDAwMDB9LCJzY2hlbWFfdmVyc2lvbiI6IjIifQ==",
          "dependencies": [
            "module.ecs.aws_security_group.alb",
            "module.vpc.aws_security_group.ecs_container",
            "module.vpc.aws_vpc.main"
          ]
        }
      ]
    },
    {
      "module": "module.iot_rule",
      "mode": "data",
      "type": "aws_caller_identity",
      "name": "current",
      "provider": "provider[\"registry.terraform.io/hashicorp/aws\"]",
      "instances": [
        {
          "schema_version": 0,
          "attributes": {
            "account_id": "037689899742",
            "arn": "arn:aws:sts::037689899742:assumed-role/voclabs/user4293091=cferreira1",
            "id": "037689899742",
            "user_id": "AROAQRRT6HLPPFD7K2URY:user4293091=cferreira1"
          },
          "sensitive_attributes": [],
          "identity_schema_version": 0
        }
      ]
    },
    {
      "module": "module.iot_rule",
      "mode": "data",
      "type": "aws_region",
      "name": "current",
      "provider": "provider[\"registry.terraform.io/hashicorp/aws\"]",
      "instances": [
        {
          "schema_version": 0,
          "attributes": {
            "description": "US East (N. Virginia)",
            "endpoint": "ec2.us-east-1.amazonaws.com",
            "id": "us-east-1",
            "name": "us-east-1"
          },
          "sensitive_attributes": [],
          "identity_schema_version": 0
        }
      ]
    },
    {
      "module": "module.iot_rule",
      "mode": "managed",
      "type": "aws_iot_topic_rule",
      "name": "iot_to_lambda_rule",
      "provider": "provider[\"registry.terraform.io/hashicorp/aws\"]",
      "instances": [
        {
          "schema_version": 0,
          "attributes": {
            "arn": "arn:aws:iot:us-east-1:037689899742:rule/iot_to_lambda_rule",
            "cloudwatch_alarm": [],
            "cloudwatch_logs": [],
            "cloudwatch_metric": [],
            "description": "IoT Rule to forward system/plot/+ messages to Lambda",
            "dynamodb": [],
            "dynamodbv2": [],
            "elasticsearch": [],
            "enabled": true,
            "error_action": [],
            "firehose": [],
            "http": [],
            "id": "iot_to_lambda_rule",
            "iot_analytics": [],
            "iot_events": [],
            "kafka": [],
            "kinesis": [],
            "lambda": [
              {
                "function_arn": "arn:aws:lambda:us-east-1:037689899742:function:Lambda-IoT-Handler"
              }
            ],
            "name": "iot_to_lambda_rule",
            "republish": [],
            "s3": [],
            "sns": [],
            "sql": "SELECT * FROM 'system/plot/+'",
            "sql_version": "2016-03-23",
            "sqs": [],
            "step_functions": [],
            "tags": {
              "Environment": "dev",
              "ManagedBy": "Terraform",
              "Project": "Merida"
            },
            "tags_all": {
              "Environment": "dev",
              "ManagedBy": "Terraform",
              "Project": "Merida"
            },
            "timestream": []
          },
          "sensitive_attributes": [],
          "identity_schema_version": 0,
          "private": "bnVsbA==",
          "dependencies": [
            "module.dynamodb_table.aws_dynamodb_table.smart_grow_data",
            "module.lambda_iot_handler.module.lambda_function.aws_cloudwatch_log_group.lambda",
            "module.lambda_iot_handler.module.lambda_function.aws_iam_role.lambda",
            "module.lambda_iot_handler.module.lambda_function.aws_iam_role_policy.additional_inline",
            "module.lambda_iot_handler.module.lambda_function.aws_iam_role_policy.additional_json",
            "module.lambda_iot_handler.module.lambda_function.aws_iam_role_policy.additional_jsons",
            "module.lambda_iot_handler.module.lambda_function.aws_iam_role_policy.async",
            "module.lambda_iot_handler.module.lambda_function.aws_iam_role_policy.dead_letter",
            "module.lambda_iot_handler.module.lambda_function.aws_iam_role_policy.logs",
            "module.lambda_iot_handler.module.lambda_function.aws_iam_role_policy.tracing",
            "module.lambda_iot_handler.module.lambda_function.aws_iam_role_policy.vpc",
            "module.lambda_iot_handler.module.lambda_function.aws_iam_role_policy_attachment.additional_many",
            "module.lambda_iot_handler.module.lambda_function.aws_iam_role_policy_attachment.additional_one",
            "module.lambda_iot_handler.module.lambda_function.aws_lambda_function.this",
            "module.lambda_iot_handler.module.lambda_function.aws_s3_object.lambda_package",
            "module.lambda_iot_handler.module.lambda_function.data.aws_arn.log_group_arn",
            "module.lambda_iot_handler.module.lambda_function.data.aws_cloudwatch_log_group.lambda",
            "module.lambda_iot_handler.module.lambda_function.data.aws_iam_policy.tracing",
            "module.lambda_iot_handler.module.lambda_function.data.aws_iam_policy.vpc",
            "module.lambda_iot_handler.module.lambda_function.data.aws_iam_policy_document.additional_inline",
            "module.lambda_iot_handler.module.lambda_function.data.aws_iam_policy_document.assume_role",
            "module.lambda_iot_handler.module.lambda_function.data.aws_iam_policy_document.async",
            "module.lambda_iot_handler.module.lambda_function.data.aws_iam_policy_document.dead_letter",
            "module.lambda_iot_handler.module.lambda_function.data.aws_iam_policy_document.logs",
            "module.lambda_iot_handler.module.lambda_function.data.aws_partition.current",
            "module.lambda_iot_handler.module.lambda_function.data.external.archive_prepare",
            "module.lambda_iot_handler.module.lambda_function.local_file.archive_plan",
            "module.lambda_iot_handler.module.lambda_function.null_resource.archive"
          ]
        }
      ]
    },
    {
      "module": "module.iot_rule",
      "mode": "managed",
      "type": "aws_lambda_permission",
      "name": "iot_invoke",
      "provider": "provider[\"registry.terraform.io/hashicorp/aws\"]",
      "instances": [
        {
          "schema_version": 0,
          "attributes": {
            "action": "lambda:InvokeFunction",
            "event_source_token": null,
            "function_name": "Lambda-IoT-Handler",
            "function_url_auth_type": null,
            "id": "AllowExecutionFromIoTRule",
            "principal": "iot.amazonaws.com",
            "principal_org_id": null,
            "qualifier": "",
            "source_account": null,
            "source_arn": "arn:aws:iot:us-east-1:037689899742:rule/iot_to_lambda_rule",
            "statement_id": "AllowExecutionFromIoTRule",
            "statement_id_prefix": ""
          },
          "sensitive_attributes": [],
          "identity_schema_version": 0,
          "private": "bnVsbA==",
          "dependencies": [
            "module.dynamodb_table.aws_dynamodb_table.smart_grow_data",
            "module.iot_rule.aws_iot_topic_rule.iot_to_lambda_rule",
            "module.lambda_iot_handler.module.lambda_function.aws_cloudwatch_log_group.lambda",
            "module.lambda_iot_handler.module.lambda_function.aws_iam_role.lambda",
            "module.lambda_iot_handler.module.lambda_function.aws_iam_role_policy.additional_inline",
            "module.lambda_iot_handler.module.lambda_function.aws_iam_role_policy.additional_json",
            "module.lambda_iot_handler.module.lambda_function.aws_iam_role_policy.additional_jsons",
            "module.lambda_iot_handler.module.lambda_function.aws_iam_role_policy.async",
            "module.lambda_iot_handler.module.lambda_function.aws_iam_role_policy.dead_letter",
            "module.lambda_iot_handler.module.lambda_function.aws_iam_role_policy.logs",
            "module.lambda_iot_handler.module.lambda_function.aws_iam_role_policy.tracing",
            "module.lambda_iot_handler.module.lambda_function.aws_iam_role_policy.vpc",
            "module.lambda_iot_handler.module.lambda_function.aws_iam_role_policy_attachment.additional_many",
            "module.lambda_iot_handler.module.lambda_function.aws_iam_role_policy_attachment.additional_one",
            "module.lambda_iot_handler.module.lambda_function.aws_lambda_function.this",
            "module.lambda_iot_handler.module.lambda_function.aws_s3_object.lambda_package",
            "module.lambda_iot_handler.module.lambda_function.data.aws_arn.log_group_arn",
            "module.lambda_iot_handler.module.lambda_function.data.aws_cloudwatch_log_group.lambda",
            "module.lambda_iot_handler.module.lambda_function.data.aws_iam_policy.tracing",
            "module.lambda_iot_handler.module.lambda_function.data.aws_iam_policy.vpc",
            "module.lambda_iot_handler.module.lambda_function.data.aws_iam_policy_document.additional_inline",
            "module.lambda_iot_handler.module.lambda_function.data.aws_iam_policy_document.assume_role",
            "module.lambda_iot_handler.module.lambda_function.data.aws_iam_policy_document.async",
            "module.lambda_iot_handler.module.lambda_function.data.aws_iam_policy_document.dead_letter",
            "module.lambda_iot_handler.module.lambda_function.data.aws_iam_policy_document.logs",
            "module.lambda_iot_handler.module.lambda_function.data.aws_partition.current",
            "module.lambda_iot_handler.module.lambda_function.data.external.archive_prepare",
            "module.lambda_iot_handler.module.lambda_function.local_file.archive_plan",
            "module.lambda_iot_handler.module.lambda_function.null_resource.archive"
          ]
        }
      ]
    },
    {
      "module": "module.lambda_iot_handler.module.lambda_function",
      "mode": "data",
      "type": "aws_arn",
      "name": "log_group_arn",
      "provider": "provider[\"registry.terraform.io/hashicorp/aws\"]",
      "instances": []
    },
    {
      "module": "module.lambda_iot_handler.module.lambda_function",
      "mode": "data",
      "type": "aws_caller_identity",
      "name": "current",
      "provider": "provider[\"registry.terraform.io/hashicorp/aws\"]",
      "instances": [
        {
          "schema_version": 0,
          "attributes": {
            "account_id": "037689899742",
            "arn": "arn:aws:sts::037689899742:assumed-role/voclabs/user4293091=cferreira1",
            "id": "037689899742",
            "user_id": "AROAQRRT6HLPPFD7K2URY:user4293091=cferreira1"
          },
          "sensitive_attributes": [],
          "identity_schema_version": 0
        }
      ]
    },
    {
      "module": "module.lambda_iot_handler.module.lambda_function",
      "mode": "data",
      "type": "aws_cloudwatch_log_group",
      "name": "lambda",
      "provider": "provider[\"registry.terraform.io/hashicorp/aws\"]",
      "instances": []
    },
    {
      "module": "module.lambda_iot_handler.module.lambda_function",
      "mode": "data",
      "type": "aws_iam_policy",
      "name": "tracing",
      "provider": "provider[\"registry.terraform.io/hashicorp/aws\"]",
      "instances": []
    },
    {
      "module": "module.lambda_iot_handler.module.lambda_function",
      "mode": "data",
      "type": "aws_iam_policy",
      "name": "vpc",
      "provider": "provider[\"registry.terraform.io/hashicorp/aws\"]",
      "instances": []
    },
    {
      "module": "module.lambda_iot_handler.module.lambda_function",
      "mode": "data",
      "type": "aws_iam_policy_document",
      "name": "additional_inline",
      "provider": "provider[\"registry.terraform.io/hashicorp/aws\"]",
      "instances": []
    },
    {
      "module": "module.lambda_iot_handler.module.lambda_function",
      "mode": "data",
      "type": "aws_iam_policy_document",
      "name": "assume_role",
      "provider": "provider[\"registry.terraform.io/hashicorp/aws\"]",
      "instances": []
    },
    {
      "module": "module.lambda_iot_handler.module.lambda_function",
      "mode": "data",
      "type": "aws_iam_policy_document",
      "name": "async",
      "provider": "provider[\"registry.terraform.io/hashicorp/aws\"]",
      "instances": []
    },
    {
      "module": "module.lambda_iot_handler.module.lambda_function",
      "mode": "data",
      "type": "aws_iam_policy_document",
      "name": "dead_letter",
      "provider": "provider[\"registry.terraform.io/hashicorp/aws\"]",
      "instances": []
    },
    {
      "module": "module.lambda_iot_handler.module.lambda_function",
      "mode": "data",
      "type": "aws_iam_policy_document",
      "name": "logs",
      "provider": "provider[\"registry.terraform.io/hashicorp/aws\"]",
      "instances": []
    },
    {
      "module": "module.lambda_iot_handler.module.lambda_function",
      "mode": "data",
      "type": "aws_partition",
      "name": "current",
      "provider": "provider[\"registry.terraform.io/hashicorp/aws\"]",
      "instances": [
        {
          "schema_version": 0,
          "attributes": {
            "dns_suffix": "amazonaws.com",
            "id": "aws",
            "partition": "aws",
            "reverse_dns_prefix": "com.amazonaws"
          },
          "sensitive_attributes": [],
          "identity_schema_version": 0
        }
      ]
    },
    {
      "module": "module.lambda_iot_handler.module.lambda_function",
      "mode": "data",
      "type": "aws_region",
      "name": "current",
      "provider": "provider[\"registry.terraform.io/hashicorp/aws\"]",
      "instances": [
        {
          "schema_version": 0,
          "attributes": {
            "description": "US East (N. Virginia)",
            "endpoint": "ec2.us-east-1.amazonaws.com",
            "id": "us-east-1",
            "name": "us-east-1"
          },
          "sensitive_attributes": [],
          "identity_schema_version": 0
        }
      ]
    },
    {
      "module": "module.lambda_iot_handler.module.lambda_function",
      "mode": "data",
      "type": "external",
      "name": "archive_prepare",
      "provider": "provider[\"registry.terraform.io/hashicorp/external\"]",
      "instances": [
        {
          "index_key": 0,
          "schema_version": 0,
          "attributes": {
            "id": "-",
            "program": [
              "python3",
              ".terraform/modules/lambda_iot_handler.lambda_function/package.py",
              "prepare"
            ],
            "query": {
              "artifacts_dir": "builds",
              "docker": null,
              "hash_extra": "",
              "hash_extra_paths": "[]",
              "paths": "{\"cwd\":\"/Users/camilaferreira/Desktop/Merida/infrastructure\",\"module\":\".terraform/modules/lambda_iot_handler.lambda_function\",\"root\":\".\"}",
              "recreate_missing_package": "true",
              "runtime": "python3.13",
              "source_path": "\"../lambda_functions/iot_handler\""
            },
            "result": {
              "build_plan": "{\"filename\": \"builds/2c279b7612762c60f637e126a9538f77c5dd8aba63e7255be0703accf56b6ba7.zip\", \"runtime\": \"python3.13\", \"artifacts_dir\": \"builds\", \"build_plan\": [[[\"pip\", \"python3.13\", \"../lambda_functions/iot_handler/requirements.txt\", null, null], [\"zip\", \"../lambda_functions/iot_handler\", null]]]}",
              "build_plan_filename": "builds/2c279b7612762c60f637e126a9538f77c5dd8aba63e7255be0703accf56b6ba7.plan.json",
              "filename": "builds/2c279b7612762c60f637e126a9538f77c5dd8aba63e7255be0703accf56b6ba7.zip",
              "timestamp": "1762051843655407000",
              "was_missing": "false"
            },
            "working_dir": null
          },
          "sensitive_attributes": [],
          "identity_schema_version": 0
        }
      ]
    },
    {
      "module": "module.lambda_iot_handler.module.lambda_function",
      "mode": "managed",
      "type": "aws_cloudwatch_log_group",
      "name": "lambda",
      "provider": "provider[\"registry.terraform.io/hashicorp/aws\"]",
      "instances": [
        {
          "index_key": 0,
          "schema_version": 0,
          "attributes": {
            "arn": "arn:aws:logs:us-east-1:037689899742:log-group:/aws/lambda/Lambda-IoT-Handler",
            "id": "/aws/lambda/Lambda-IoT-Handler",
            "kms_key_id": "",
            "log_group_class": "STANDARD",
            "name": "/aws/lambda/Lambda-IoT-Handler",
            "name_prefix": "",
            "retention_in_days": 7,
            "skip_destroy": false,
            "tags": {
              "Environment": "dev",
              "ManagedBy": "Terraform",
              "Project": "Merida"
            },
            "tags_all": {
              "Environment": "dev",
              "ManagedBy": "Terraform",
              "Project": "Merida"
            }
          },
          "sensitive_attributes": [],
          "identity_schema_version": 0,
          "private": "bnVsbA==",
          "create_before_destroy": true
        }
      ]
    },
    {
      "module": "module.lambda_iot_handler.module.lambda_function",
      "mode": "managed",
      "type": "aws_iam_role",
      "name": "lambda",
      "provider": "provider[\"registry.terraform.io/hashicorp/aws\"]",
      "instances": []
    },
    {
      "module": "module.lambda_iot_handler.module.lambda_function",
      "mode": "managed",
      "type": "aws_iam_role_policy",
      "name": "additional_inline",
      "provider": "provider[\"registry.terraform.io/hashicorp/aws\"]",
      "instances": []
    },
    {
      "module": "module.lambda_iot_handler.module.lambda_function",
      "mode": "managed",
      "type": "aws_iam_role_policy",
      "name": "additional_json",
      "provider": "provider[\"registry.terraform.io/hashicorp/aws\"]",
      "instances": []
    },
    {
      "module": "module.lambda_iot_handler.module.lambda_function",
      "mode": "managed",
      "type": "aws_iam_role_policy",
      "name": "additional_jsons",
      "provider": "provider[\"registry.terraform.io/hashicorp/aws\"]",
      "instances": []
    },
    {
      "module": "module.lambda_iot_handler.module.lambda_function",
      "mode": "managed",
      "type": "aws_iam_role_policy",
      "name": "async",
      "provider": "provider[\"registry.terraform.io/hashicorp/aws\"]",
      "instances": []
    },
    {
      "module": "module.lambda_iot_handler.module.lambda_function",
      "mode": "managed",
      "type": "aws_iam_role_policy",
      "name": "dead_letter",
      "provider": "provider[\"registry.terraform.io/hashicorp/aws\"]",
      "instances": []
    },
    {
      "module": "module.lambda_iot_handler.module.lambda_function",
      "mode": "managed",
      "type": "aws_iam_role_policy",
      "name": "logs",
      "provider": "provider[\"registry.terraform.io/hashicorp/aws\"]",
      "instances": []
    },
    {
      "module": "module.lambda_iot_handler.module.lambda_function",
      "mode": "managed",
      "type": "aws_iam_role_policy",
      "name": "tracing",
      "provider": "provider[\"registry.terraform.io/hashicorp/aws\"]",
      "instances": []
    },
    {
      "module": "module.lambda_iot_handler.module.lambda_function",
      "mode": "managed",
      "type": "aws_iam_role_policy",
      "name": "vpc",
      "provider": "provider[\"registry.terraform.io/hashicorp/aws\"]",
      "instances": []
    },
    {
      "module": "module.lambda_iot_handler.module.lambda_function",
      "mode": "managed",
      "type": "aws_iam_role_policy_attachment",
      "name": "additional_many",
      "provider": "provider[\"registry.terraform.io/hashicorp/aws\"]",
      "instances": []
    },
    {
      "module": "module.lambda_iot_handler.module.lambda_function",
      "mode": "managed",
      "type": "aws_iam_role_policy_attachment",
      "name": "additional_one",
      "provider": "provider[\"registry.terraform.io/hashicorp/aws\"]",
      "instances": []
    },
    {
      "module": "module.lambda_iot_handler.module.lambda_function",
      "mode": "managed",
      "type": "aws_lambda_function",
      "name": "this",
      "provider": "provider[\"registry.terraform.io/hashicorp/aws\"]",
      "instances": [
        {
          "index_key": 0,
          "schema_version": 0,
          "attributes": {
            "architectures": [
              "x86_64"
            ],
            "arn": "arn:aws:lambda:us-east-1:037689899742:function:Lambda-IoT-Handler",
            "code_sha256": "6XoKuIYSWXbiXmm8zHIq1cEdjSSOST+UlemUfubtuKk=",
            "code_signing_config_arn": "",
            "dead_letter_config": [],
            "description": "IoT Handler Lambda - Processes messages from system/plot/+ topics",
            "environment": [
              {
                "variables": {
                  "DYNAMODB_TABLE": "SmartGrowData",
                  "LOG_LEVEL": "INFO"
                }
              }
            ],
            "ephemeral_storage": [
              {
                "size": 512
              }
            ],
            "file_system_config": [],
            "filename": "builds/2c279b7612762c60f637e126a9538f77c5dd8aba63e7255be0703accf56b6ba7.zip",
            "function_name": "Lambda-IoT-Handler",
            "handler": "app.lambda_handler",
            "id": "Lambda-IoT-Handler",
            "image_config": [],
            "image_uri": "",
            "invoke_arn": "arn:aws:apigateway:us-east-1:lambda:path/2015-03-31/functions/arn:aws:lambda:us-east-1:037689899742:function:Lambda-IoT-Handler/invocations",
            "kms_key_arn": "",
            "last_modified": "2025-11-02T18:59:33.162+0000",
            "layers": [],
            "logging_config": [
              {
                "application_log_level": "",
                "log_format": "Text",
                "log_group": "/aws/lambda/Lambda-IoT-Handler",
                "system_log_level": ""
              }
            ],
            "memory_size": 256,
            "package_type": "Zip",
            "publish": false,
            "qualified_arn": "arn:aws:lambda:us-east-1:037689899742:function:Lambda-IoT-Handler:$LATEST",
            "qualified_invoke_arn": "arn:aws:apigateway:us-east-1:lambda:path/2015-03-31/functions/arn:aws:lambda:us-east-1:037689899742:function:Lambda-IoT-Handler:$LATEST/invocations",
            "replace_security_groups_on_destroy": null,
            "replacement_security_group_ids": null,
            "reserved_concurrent_executions": -1,
            "role": "arn:aws:iam::000000000000:role/LabRole",
            "runtime": "python3.13",
            "s3_bucket": null,
            "s3_key": null,
            "s3_object_version": null,
            "signing_job_arn": "",
            "signing_profile_version_arn": "",
            "skip_destroy": false,
            "snap_start": [],
            "source_code_hash": "6XoKuIYSWXbiXmm8zHIq1cEdjSSOST+UlemUfubtuKk=",
            "source_code_size": 14819223,
            "tags": {
              "Environment": "dev",
              "ManagedBy": "Terraform",
              "Project": "Merida",
              "terraform-aws-modules": "lambda"
            },
            "tags_all": {
              "Environment": "dev",
              "ManagedBy": "Terraform",
              "Project": "Merida",
              "terraform-aws-modules": "lambda"
            },
            "timeout": 30,
            "timeouts": null,
            "tracing_config": [
              {
                "mode": "PassThrough"
              }
            ],
            "version": "$LATEST",
            "vpc_config": []
          },
          "sensitive_attributes": [],
          "identity_schema_version": 0,
          "private": "eyJlMmJmYjczMC1lY2FhLTExZTYtOGY4OC0zNDM2M2JjN2M0YzAiOnsiY3JlYXRlIjo2MDAwMDAwMDAwMDAsImRlbGV0ZSI6NjAwMDAwMDAwMDAwLCJ1cGRhdGUiOjYwMDAwMDAwMDAwMH19",
          "dependencies": [
            "module.dynamodb_table.aws_dynamodb_table.smart_grow_data",
            "module.lambda_iot_handler.module.lambda_function.aws_cloudwatch_log_group.lambda",
            "module.lambda_iot_handler.module.lambda_function.aws_iam_role.lambda",
            "module.lambda_iot_handler.module.lambda_function.aws_iam_role_policy.additional_inline",
            "module.lambda_iot_handler.module.lambda_function.aws_iam_role_policy.additional_json",
            "module.lambda_iot_handler.module.lambda_function.aws_iam_role_policy.additional_jsons",
            "module.lambda_iot_handler.module.lambda_function.aws_iam_role_policy.async",
            "module.lambda_iot_handler.module.lambda_function.aws_iam_role_policy.dead_letter",
            "module.lambda_iot_handler.module.lambda_function.aws_iam_role_policy.logs",
            "module.lambda_iot_handler.module.lambda_function.aws_iam_role_policy.tracing",
            "module.lambda_iot_handler.module.lambda_function.aws_iam_role_policy.vpc",
            "module.lambda_iot_handler.module.lambda_function.aws_iam_role_policy_attachment.additional_many",
            "module.lambda_iot_handler.module.lambda_function.aws_iam_role_policy_attachment.additional_one",
            "module.lambda_iot_handler.module.lambda_function.aws_s3_object.lambda_package",
            "module.lambda_iot_handler.module.lambda_function.data.aws_arn.log_group_arn",
            "module.lambda_iot_handler.module.lambda_function.data.aws_cloudwatch_log_group.lambda",
            "module.lambda_iot_handler.module.lambda_function.data.aws_iam_policy.tracing",
            "module.lambda_iot_handler.module.lambda_function.data.aws_iam_policy.vpc",
            "module.lambda_iot_handler.module.lambda_function.data.aws_iam_policy_document.additional_inline",
            "module.lambda_iot_handler.module.lambda_function.data.aws_iam_policy_document.assume_role",
            "module.lambda_iot_handler.module.lambda_function.data.aws_iam_policy_document.async",
            "module.lambda_iot_handler.module.lambda_function.data.aws_iam_policy_document.dead_letter",
            "module.lambda_iot_handler.module.lambda_function.data.aws_iam_policy_document.logs",
            "module.lambda_iot_handler.module.lambda_function.data.aws_partition.current",
            "module.lambda_iot_handler.module.lambda_function.data.external.archive_prepare",
            "module.lambda_iot_handler.module.lambda_function.local_file.archive_plan",
            "module.lambda_iot_handler.module.lambda_function.null_resource.archive"
          ],
          "create_before_destroy": true
        }
      ]
    },
    {
      "module": "module.lambda_iot_handler.module.lambda_function",
      "mode": "managed",
      "type": "aws_lambda_layer_version",
      "name": "this",
      "provider": "provider[\"registry.terraform.io/hashicorp/aws\"]",
      "instances": []
    },
    {
      "module": "module.lambda_iot_handler.module.lambda_function",
      "mode": "managed",
      "type": "aws_s3_object",
      "name": "lambda_package",
      "provider": "provider[\"registry.terraform.io/hashicorp/aws\"]",
      "instances": []
    },
    {
      "module": "module.lambda_iot_handler.module.lambda_function",
      "mode": "managed",
      "type": "local_file",
      "name": "archive_plan",
      "provider": "provider[\"registry.terraform.io/hashicorp/local\"]",
      "instances": [
        {
          "index_key": 0,
          "schema_version": 0,
          "attributes": {
            "content": "{\"filename\": \"builds/2c279b7612762c60f637e126a9538f77c5dd8aba63e7255be0703accf56b6ba7.zip\", \"runtime\": \"python3.13\", \"artifacts_dir\": \"builds\", \"build_plan\": [[[\"pip\", \"python3.13\", \"../lambda_functions/iot_handler/requirements.txt\", null, null], [\"zip\", \"../lambda_functions/iot_handler\", null]]]}",
            "content_base64": null,
            "content_base64sha256": "U1LfhTC/185+tXLW6aLISWBCqVkjlS3ggHi5emCuUTY=",
            "content_base64sha512": "WsV0KkDNj1cnA6L7AT0LqHMKLF+AmpqgEmLPGnktBfkj92BPDpvlGI7JHS3OAxbQqwE0Vk1V3vLDbUC1tDsWcg==",
            "content_md5": "f3cca062537a47a1c0490c409288054d",
            "content_sha1": "456475417f31babb6c47b5154ead8b0752b32836",
            "content_sha256": "5352df8530bfd7ce7eb572d6e9a2c8496042a95923952de08078b97a60ae5136",
            "content_sha512": "5ac5742a40cd8f572703a2fb013d0ba8730a2c5f809a9aa01262cf1a792d05f923f7604f0e9be5188ec91d2dce0316d0ab0134564d55def2c36d40b5b43b1672",
            "directory_permission": "0755",
            "file_permission": "0644",
            "filename": "builds/2c279b7612762c60f637e126a9538f77c5dd8aba63e7255be0703accf56b6ba7.plan.json",
            "id": "456475417f31babb6c47b5154ead8b0752b32836",
            "sensitive_content": null,
            "source": null
          },
          "sensitive_attributes": [
            [
              {
                "type": "get_attr",
                "value": "content"
              }
            ],
            [
              {
                "type": "get_attr",
                "value": "sensitive_content"
              }
            ]
          ],
          "identity_schema_version": 0,
          "dependencies": [
            "module.lambda_iot_handler.module.lambda_function.data.external.archive_prepare"
          ],
          "create_before_destroy": true
        }
      ]
    },
    {
      "module": "module.lambda_iot_handler.module.lambda_function",
      "mode": "managed",
      "type": "null_resource",
      "name": "archive",
      "provider": "provider[\"registry.terraform.io/hashicorp/null\"]",
      "instances": [
        {
          "index_key": 0,
          "schema_version": 0,
          "attributes": {
            "id": "11737021271767431",
            "triggers": {
              "filename": "builds/2c279b7612762c60f637e126a9538f77c5dd8aba63e7255be0703accf56b6ba7.zip",
              "timestamp": "1762051843655407000"
            }
          },
          "sensitive_attributes": [],
          "identity_schema_version": 0,
          "dependencies": [
            "module.lambda_iot_handler.module.lambda_function.data.external.archive_prepare",
            "module.lambda_iot_handler.module.lambda_function.local_file.archive_plan"
          ],
          "create_before_destroy": true
        }
      ]
    },
    {
      "module": "module.lambda_iot_handler.module.lambda_function",
      "mode": "managed",
      "type": "null_resource",
      "name": "sam_metadata_aws_lambda_function",
      "provider": "provider[\"registry.terraform.io/hashicorp/null\"]",
      "instances": []
    },
    {
      "module": "module.lambda_iot_handler.module.lambda_function",
      "mode": "managed",
      "type": "null_resource",
      "name": "sam_metadata_aws_lambda_layer_version",
      "provider": "provider[\"registry.terraform.io/hashicorp/null\"]",
      "instances": []
    },
    {
      "module": "module.vpc",
      "mode": "data",
      "type": "aws_availability_zones",
      "name": "available",
      "provider": "provider[\"registry.terraform.io/hashicorp/aws\"]",
      "instances": [
        {
          "schema_version": 0,
          "attributes": {
            "all_availability_zones": null,
            "exclude_names": null,
            "exclude_zone_ids": null,
            "filter": null,
            "group_names": [
              "us-east-1-zg-1"
            ],
            "id": "us-east-1",
            "names": [
              "us-east-1a",
              "us-east-1b",
              "us-east-1c",
              "us-east-1d",
              "us-east-1e",
              "us-east-1f"
            ],
            "state": "available",
            "timeouts": null,
            "zone_ids": [
              "use1-az1",
              "use1-az2",
              "use1-az4",
              "use1-az6",
              "use1-az3",
              "use1-az5"
            ]
          },
          "sensitive_attributes": [],
          "identity_schema_version": 0
        }
      ]
    },
    {
      "module": "module.vpc",
      "mode": "managed",
      "type": "aws_eip",
      "name": "nat",
      "provider": "provider[\"registry.terraform.io/hashicorp/aws\"]",
      "instances": [
        {
          "schema_version": 0,
          "attributes": {
            "address": null,
            "allocation_id": "eipalloc-0fe7b42fe76ca9c9d",
            "arn": "arn:aws:ec2:us-east-1:037689899742:elastic-ip/eipalloc-0fe7b42fe76ca9c9d",
            "associate_with_private_ip": null,
            "association_id": "eipassoc-042929a8a53196bca",
            "carrier_ip": "",
            "customer_owned_ip": "",
            "customer_owned_ipv4_pool": "",
            "domain": "vpc",
            "id": "eipalloc-0fe7b42fe76ca9c9d",
            "instance": "",
            "ipam_pool_id": null,
            "network_border_group": "us-east-1",
            "network_interface": "eni-01e8b2162b5aa0a7a",
            "private_dns": "ip-10-0-2-84.ec2.internal",
            "private_ip": "10.0.2.84",
            "ptr_record": "",
            "public_dns": "ec2-98-91-130-121.compute-1.amazonaws.com",
            "public_ip": "98.91.130.121",
            "public_ipv4_pool": "amazon",
            "tags": {
              "Environment": "dev",
              "ManagedBy": "Terraform",
              "Name": "MyMainVPC-NAT-EIP",
              "Owner": "Demo",
              "Project": "Merida"
            },
            "tags_all": {
              "Environment": "dev",
              "ManagedBy": "Terraform",
              "Name": "MyMainVPC-NAT-EIP",
              "Owner": "Demo",
              "Project": "Merida"
            },
            "timeouts": null,
            "vpc": true
          },
          "sensitive_attributes": [],
          "identity_schema_version": 0,
          "private": "eyJlMmJmYjczMC1lY2FhLTExZTYtOGY4OC0zNDM2M2JjN2M0YzAiOnsiZGVsZXRlIjoxODAwMDAwMDAwMDAsInJlYWQiOjkwMDAwMDAwMDAwMCwidXBkYXRlIjozMDAwMDAwMDAwMDB9fQ==",
          "dependencies": [
            "module.vpc.aws_internet_gateway.main",
            "module.vpc.aws_vpc.main"
          ]
        }
      ]
    },
    {
      "module": "module.vpc",
      "mode": "managed",
      "type": "aws_internet_gateway",
      "name": "main",
      "provider": "provider[\"registry.terraform.io/hashicorp/aws\"]",
      "instances": [
        {
          "schema_version": 0,
          "attributes": {
            "arn": "arn:aws:ec2:us-east-1:037689899742:internet-gateway/igw-0845ccf0b8070a8c3",
            "id": "igw-0845ccf0b8070a8c3",
            "owner_id": "037689899742",
            "tags": {
              "Environment": "dev",
              "ManagedBy": "Terraform",
              "Name": "MyMainVPC-IGW",
              "Owner": "Demo",
              "Project": "Merida"
            },
            "tags_all": {
              "Environment": "dev",
              "ManagedBy": "Terraform",
              "Name": "MyMainVPC-IGW",
              "Owner": "Demo",
              "Project": "Merida"
            },
            "timeouts": null,
            "vpc_id": "vpc-0b322af01e9f3ebfe"
          },
          "sensitive_attributes": [],
          "identity_schema_version": 0,
          "private": "eyJlMmJmYjczMC1lY2FhLTExZTYtOGY4OC0zNDM2M2JjN2M0YzAiOnsiY3JlYXRlIjoxMjAwMDAwMDAwMDAwLCJkZWxldGUiOjEyMDAwMDAwMDAwMDAsInVwZGF0ZSI6MTIwMDAwMDAwMDAwMH19",
          "dependencies": [
            "module.vpc.aws_vpc.main"
          ]
        }
      ]
    },
    {
      "module": "module.vpc",
      "mode": "managed",
      "type": "aws_nat_gateway",
      "name": "main",
      "provider": "provider[\"registry.terraform.io/hashicorp/aws\"]",
      "instances": [
        {
          "schema_version": 0,
          "attributes": {
            "allocation_id": "eipalloc-0fe7b42fe76ca9c9d",
            "association_id": "eipassoc-042929a8a53196bca",
            "connectivity_type": "public",
            "id": "nat-01b2873186b5307fd",
            "network_interface_id": "eni-01e8b2162b5aa0a7a",
            "private_ip": "10.0.2.84",
            "public_ip": "98.91.130.121",
            "secondary_allocation_ids": [],
            "secondary_private_ip_address_count": 0,
            "secondary_private_ip_addresses": [],
            "subnet_id": "subnet-0df5d17e51492267f",
            "tags": {
              "Environment": "dev",
              "ManagedBy": "Terraform",
              "Name": "MyMainVPC-NAT",
              "Owner": "Demo",
              "Project": "Merida"
            },
            "tags_all": {
              "Environment": "dev",
              "ManagedBy": "Terraform",
              "Name": "MyMainVPC-NAT",
              "Owner": "Demo",
              "Project": "Merida"
            },
            "timeouts": null
          },
          "sensitive_attributes": [],
          "identity_schema_version": 0,
          "private": "eyJlMmJmYjczMC1lY2FhLTExZTYtOGY4OC0zNDM2M2JjN2M0YzAiOnsiY3JlYXRlIjo2MDAwMDAwMDAwMDAsImRlbGV0ZSI6MTgwMDAwMDAwMDAwMCwidXBkYXRlIjo2MDAwMDAwMDAwMDB9fQ==",
          "dependencies": [
            "module.vpc.aws_eip.nat",
            "module.vpc.aws_internet_gateway.main",
            "module.vpc.aws_subnet.public_a",
            "module.vpc.aws_vpc.main",
            "module.vpc.data.aws_availability_zones.available"
          ]
        }
      ]
    },
    {
      "module": "module.vpc",
      "mode": "managed",
      "type": "aws_route",
      "name": "private_nat_gateway",
      "provider": "provider[\"registry.terraform.io/hashicorp/aws\"]",
      "instances": [
        {
          "schema_version": 0,
          "attributes": {
            "carrier_gateway_id": "",
            "core_network_arn": "",
            "destination_cidr_block": "0.0.0.0/0",
            "destination_ipv6_cidr_block": "",
            "destination_prefix_list_id": "",
            "egress_only_gateway_id": "",
            "gateway_id": "",
            "id": "r-rtb-0a19fd08d4fb6400f1080289494",
            "instance_id": "",
            "instance_owner_id": "",
            "local_gateway_id": "",
            "nat_gateway_id": "nat-01b2873186b5307fd",
            "network_interface_id": "",
            "origin": "CreateRoute",
            "route_table_id": "rtb-0a19fd08d4fb6400f",
            "state": "active",
            "timeouts": null,
            "transit_gateway_id": "",
            "vpc_endpoint_id": "",
            "vpc_peering_connection_id": ""
          },
          "sensitive_attributes": [],
          "identity_schema_version": 0,
          "private": "eyJlMmJmYjczMC1lY2FhLTExZTYtOGY4OC0zNDM2M2JjN2M0YzAiOnsiY3JlYXRlIjozMDAwMDAwMDAwMDAsImRlbGV0ZSI6MzAwMDAwMDAwMDAwLCJ1cGRhdGUiOjEyMDAwMDAwMDAwMH19",
          "dependencies": [
            "module.vpc.aws_eip.nat",
            "module.vpc.aws_internet_gateway.main",
            "module.vpc.aws_nat_gateway.main",
            "module.vpc.aws_route_table.private",
            "module.vpc.aws_subnet.public_a",
            "module.vpc.aws_vpc.main",
            "module.vpc.data.aws_availability_zones.available"
          ]
        }
      ]
    },
    {
      "module": "module.vpc",
      "mode": "managed",
      "type": "aws_route",
      "name": "public_internet_gateway",
      "provider": "provider[\"registry.terraform.io/hashicorp/aws\"]",
      "instances": [
        {
          "schema_version": 0,
          "attributes": {
            "carrier_gateway_id": "",
            "core_network_arn": "",
            "destination_cidr_block": "0.0.0.0/0",
            "destination_ipv6_cidr_block": "",
            "destination_prefix_list_id": "",
            "egress_only_gateway_id": "",
            "gateway_id": "igw-0845ccf0b8070a8c3",
            "id": "r-rtb-0cf226c3deb9dbb221080289494",
            "instance_id": "",
            "instance_owner_id": "",
            "local_gateway_id": "",
            "nat_gateway_id": "",
            "network_interface_id": "",
            "origin": "CreateRoute",
            "route_table_id": "rtb-0cf226c3deb9dbb22",
            "state": "active",
            "timeouts": null,
            "transit_gateway_id": "",
            "vpc_endpoint_id": "",
            "vpc_peering_connection_id": ""
          },
          "sensitive_attributes": [],
          "identity_schema_version": 0,
          "private": "eyJlMmJmYjczMC1lY2FhLTExZTYtOGY4OC0zNDM2M2JjN2M0YzAiOnsiY3JlYXRlIjozMDAwMDAwMDAwMDAsImRlbGV0ZSI6MzAwMDAwMDAwMDAwLCJ1cGRhdGUiOjEyMDAwMDAwMDAwMH19",
          "dependencies": [
            "module.vpc.aws_internet_gateway.main",
            "module.vpc.aws_route_table.public",
            "module.vpc.aws_vpc.main"
          ]
        }
      ]
    },
    {
      "module": "module.vpc",
      "mode": "managed",
      "type": "aws_route_table",
      "name": "private",
      "provider": "provider[\"registry.terraform.io/hashicorp/aws\"]",
      "instances": [
        {
          "schema_version": 0,
          "attributes": {
            "arn": "arn:aws:ec2:us-east-1:037689899742:route-table/rtb-0a19fd08d4fb6400f",
            "id": "rtb-0a19fd08d4fb6400f",
            "owner_id": "037689899742",
            "propagating_vgws": [],
            "route": [
              {
                "carrier_gateway_id": "",
                "cidr_block": "0.0.0.0/0",
                "core_network_arn": "",
                "destination_prefix_list_id": "",
                "egress_only_gateway_id": "",
                "gateway_id": "",
                "ipv6_cidr_block": "",
                "local_gateway_id": "",
                "nat_gateway_id": "nat-01b2873186b5307fd",
                "network_interface_id": "",
                "transit_gateway_id": "",
                "vpc_endpoint_id": "",
                "vpc_peering_connection_id": ""
              }
            ],
            "tags": {
              "Environment": "dev",
              "ManagedBy": "Terraform",
              "Name": "MyMainVPC-PrvRouteTable",
              "Owner": "Demo",
              "Project": "Merida"
            },
            "tags_all": {
              "Environment": "dev",
              "ManagedBy": "Terraform",
              "Name": "MyMainVPC-PrvRouteTable",
              "Owner": "Demo",
              "Project": "Merida"
            },
            "timeouts": null,
            "vpc_id": "vpc-0b322af01e9f3ebfe"
          },
          "sensitive_attributes": [],
          "identity_schema_version": 0,
          "private": "eyJlMmJmYjczMC1lY2FhLTExZTYtOGY4OC0zNDM2M2JjN2M0YzAiOnsiY3JlYXRlIjozMDAwMDAwMDAwMDAsImRlbGV0ZSI6MzAwMDAwMDAwMDAwLCJ1cGRhdGUiOjEyMDAwMDAwMDAwMH19",
          "dependencies": [
            "module.vpc.aws_vpc.main"
          ]
        }
      ]
    },
    {
      "module": "module.vpc",
      "mode": "managed",
      "type": "aws_route_table",
      "name": "public",
      "provider": "provider[\"registry.terraform.io/hashicorp/aws\"]",
      "instances": [
        {
          "schema_version": 0,
          "attributes": {
            "arn": "arn:aws:ec2:us-east-1:037689899742:route-table/rtb-0cf226c3deb9dbb22",
            "id": "rtb-0cf226c3deb9dbb22",
            "owner_id": "037689899742",
            "propagating_vgws": [],
            "route": [
              {
                "carrier_gateway_id": "",
                "cidr_block": "0.0.0.0/0",
                "core_network_arn": "",
                "destination_prefix_list_id": "",
                "egress_only_gateway_id": "",
                "gateway_id": "igw-0845ccf0b8070a8c3",
                "ipv6_cidr_block": "",
                "local_gateway_id": "",
                "nat_gateway_id": "",
                "network_interface_id": "",
                "transit_gateway_id": "",
                "vpc_endpoint_id": "",
                "vpc_peering_connection_id": ""
              }
            ],
            "tags": {
              "Environment": "dev",
              "ManagedBy": "Terraform",
              "Name": "MyMainVPC-PubRouteTable",
              "Owner": "Demo",
              "Project": "Merida"
            },
            "tags_all": {
              "Environment": "dev",
              "ManagedBy": "Terraform",
              "Name": "MyMainVPC-PubRouteTable",
              "Owner": "Demo",
              "Project": "Merida"
            },
            "timeouts": null,
            "vpc_id": "vpc-0b322af01e9f3ebfe"
          },
          "sensitive_attributes": [],
          "identity_schema_version": 0,
          "private": "eyJlMmJmYjczMC1lY2FhLTExZTYtOGY4OC0zNDM2M2JjN2M0YzAiOnsiY3JlYXRlIjozMDAwMDAwMDAwMDAsImRlbGV0ZSI6MzAwMDAwMDAwMDAwLCJ1cGRhdGUiOjEyMDAwMDAwMDAwMH19",
          "dependencies": [
            "module.vpc.aws_vpc.main"
          ]
        }
      ]
    },
    {
      "module": "module.vpc",
      "mode": "managed",
      "type": "aws_route_table_association",
      "name": "private_a",
      "provider": "provider[\"registry.terraform.io/hashicorp/aws\"]",
      "instances": [
        {
          "schema_version": 0,
          "attributes": {
            "gateway_id": "",
            "id": "rtbassoc-0a0f4284f361dfdd1",
            "route_table_id": "rtb-0a19fd08d4fb6400f",
            "subnet_id": "subnet-0c0b5111699c110ac",
            "timeouts": null
          },
          "sensitive_attributes": [],
          "identity_schema_version": 0,
          "private": "eyJlMmJmYjczMC1lY2FhLTExZTYtOGY4OC0zNDM2M2JjN2M0YzAiOnsiY3JlYXRlIjozMDAwMDAwMDAwMDAsImRlbGV0ZSI6MzAwMDAwMDAwMDAwLCJ1cGRhdGUiOjEyMDAwMDAwMDAwMH19",
          "dependencies": [
            "module.vpc.aws_route_table.private",
            "module.vpc.aws_subnet.private_a",
            "module.vpc.aws_vpc.main",
            "module.vpc.data.aws_availability_zones.available"
          ]
        }
      ]
    },
    {
      "module": "module.vpc",
      "mode": "managed",
      "type": "aws_route_table_association",
      "name": "private_b",
      "provider": "provider[\"registry.terraform.io/hashicorp/aws\"]",
      "instances": [
        {
          "schema_version": 0,
          "attributes": {
            "gateway_id": "",
            "id": "rtbassoc-0affed70ef13c2ee2",
            "route_table_id": "rtb-0a19fd08d4fb6400f",
            "subnet_id": "subnet-06bbffd81fa1e0838",
            "timeouts": null
          },
          "sensitive_attributes": [],
          "identity_schema_version": 0,
          "private": "eyJlMmJmYjczMC1lY2FhLTExZTYtOGY4OC0zNDM2M2JjN2M0YzAiOnsiY3JlYXRlIjozMDAwMDAwMDAwMDAsImRlbGV0ZSI6MzAwMDAwMDAwMDAwLCJ1cGRhdGUiOjEyMDAwMDAwMDAwMH19",
          "dependencies": [
            "module.vpc.aws_route_table.private",
            "module.vpc.aws_subnet.private_b",
            "module.vpc.aws_vpc.main",
            "module.vpc.data.aws_availability_zones.available"
          ]
        }
      ]
    },
    {
      "module": "module.vpc",
      "mode": "managed",
      "type": "aws_route_table_association",
      "name": "public_a",
      "provider": "provider[\"registry.terraform.io/hashicorp/aws\"]",
      "instances": [
        {
          "schema_version": 0,
          "attributes": {
            "gateway_id": "",
            "id": "rtbassoc-076cc95b0d2435e77",
            "route_table_id": "rtb-0cf226c3deb9dbb22",
            "subnet_id": "subnet-0df5d17e51492267f",
            "timeouts": null
          },
          "sensitive_attributes": [],
          "identity_schema_version": 0,
          "private": "eyJlMmJmYjczMC1lY2FhLTExZTYtOGY4OC0zNDM2M2JjN2M0YzAiOnsiY3JlYXRlIjozMDAwMDAwMDAwMDAsImRlbGV0ZSI6MzAwMDAwMDAwMDAwLCJ1cGRhdGUiOjEyMDAwMDAwMDAwMH19",
          "dependencies": [
            "module.vpc.aws_route_table.public",
            "module.vpc.aws_subnet.public_a",
            "module.vpc.aws_vpc.main",
            "module.vpc.data.aws_availability_zones.available"
          ]
        }
      ]
    },
    {
      "module": "module.vpc",
      "mode": "managed",
      "type": "aws_route_table_association",
      "name": "public_b",
      "provider": "provider[\"registry.terraform.io/hashicorp/aws\"]",
      "instances": [
        {
          "schema_version": 0,
          "attributes": {
            "gateway_id": "",
            "id": "rtbassoc-0445cddbcbbba24a6",
            "route_table_id": "rtb-0cf226c3deb9dbb22",
            "subnet_id": "subnet-0259c2eef55355800",
            "timeouts": null
          },
          "sensitive_attributes": [],
          "identity_schema_version": 0,
          "private": "eyJlMmJmYjczMC1lY2FhLTExZTYtOGY4OC0zNDM2M2JjN2M0YzAiOnsiY3JlYXRlIjozMDAwMDAwMDAwMDAsImRlbGV0ZSI6MzAwMDAwMDAwMDAwLCJ1cGRhdGUiOjEyMDAwMDAwMDAwMH19",
          "dependencies": [
            "module.vpc.aws_route_table.public",
            "module.vpc.aws_subnet.public_b",
            "module.vpc.aws_vpc.main",
            "module.vpc.data.aws_availability_zones.available"
          ]
        }
      ]
    },
    {
      "module": "module.vpc",
      "mode": "managed",
      "type": "aws_security_group",
      "name": "ecs_container",
      "provider": "provider[\"registry.terraform.io/hashicorp/aws\"]",
      "instances": [
        {
          "schema_version": 1,
          "attributes": {
            "arn": "arn:aws:ec2:us-east-1:037689899742:security-group/sg-0c987022ab3486e55",
            "description": "Security group for ECS container tasks in private subnets",
            "egress": [
              {
                "cidr_blocks": [
                  "0.0.0.0/0"
                ],
                "description": "Allow all outbound traffic",
                "from_port": 0,
                "ipv6_cidr_blocks": [],
                "prefix_list_ids": [],
                "protocol": "-1",
                "security_groups": [],
                "self": false,
                "to_port": 0
              }
            ],
            "id": "sg-0c987022ab3486e55",
            "ingress": [
              {
                "cidr_blocks": [],
                "description": "Allow ALB to talk to ECS tasks on container port",
                "from_port": 80,
                "ipv6_cidr_blocks": [],
                "prefix_list_ids": [],
                "protocol": "tcp",
                "security_groups": [
                  "sg-086b6b87f7822777e"
                ],
                "self": false,
                "to_port": 80
              }
            ],
            "name": "MyMainVPC-ECSContainerSG",
            "name_prefix": "",
            "owner_id": "037689899742",
            "revoke_rules_on_delete": false,
            "tags": {
              "Environment": "dev",
              "ManagedBy": "Terraform",
              "Name": "MyMainVPC-ECSContainerSG",
              "Owner": "Demo",
              "Project": "Merida"
            },
            "tags_all": {
              "Environment": "dev",
              "ManagedBy": "Terraform",
              "Name": "MyMainVPC-ECSContainerSG",
              "Owner": "Demo",
              "Project": "Merida"
            },
            "timeouts": null,
            "vpc_id": "vpc-0b322af01e9f3ebfe"
          },
          "sensitive_attributes": [],
          "identity_schema_version": 0,
          "private": "eyJlMmJmYjczMC1lY2FhLTExZTYtOGY4OC0zNDM2M2JjN2M0YzAiOnsiY3JlYXRlIjo2MDAwMDAwMDAwMDAsImRlbGV0ZSI6OTAwMDAwMDAwMDAwfSwic2NoZW1hX3ZlcnNpb24iOiIxIn0=",
          "dependencies": [
            "module.vpc.aws_vpc.main"
          ]
        }
      ]
    },
    {
      "module": "module.vpc",
      "mode": "managed",
      "type": "aws_security_group",
      "name": "vpc_endpoints",
      "provider": "provider[\"registry.terraform.io/hashicorp/aws\"]",
      "instances": [
        {
          "schema_version": 1,
          "attributes": {
            "arn": "arn:aws:ec2:us-east-1:037689899742:security-group/sg-048e9fb0993a6b684",
            "description": "Security group for VPC Interface Endpoints",
            "egress": [
              {
                "cidr_blocks": [
                  "0.0.0.0/0"
                ],
                "description": "Allow all outbound traffic",
                "from_port": 0,
                "ipv6_cidr_blocks": [],
                "prefix_list_ids": [],
                "protocol": "-1",
                "security_groups": [],
                "self": false,
                "to_port": 0
              }
            ],
            "id": "sg-048e9fb0993a6b684",
            "ingress": [
              {
                "cidr_blocks": [],
                "description": "Allow HTTPS from ECS tasks",
                "from_port": 443,
                "ipv6_cidr_blocks": [],
                "prefix_list_ids": [],
                "protocol": "tcp",
                "security_groups": [
                  "sg-0c987022ab3486e55"
                ],
                "self": false,
                "to_port": 443
              }
            ],
            "name": "MyMainVPC-VPCEndpointsSG",
            "name_prefix": "",
            "owner_id": "037689899742",
            "revoke_rules_on_delete": false,
            "tags": {
              "Environment": "dev",
              "ManagedBy": "Terraform",
              "Name": "MyMainVPC-VPCEndpointsSG",
              "Owner": "Demo",
              "Project": "Merida"
            },
            "tags_all": {
              "Environment": "dev",
              "ManagedBy": "Terraform",
              "Name": "MyMainVPC-VPCEndpointsSG",
              "Owner": "Demo",
              "Project": "Merida"
            },
            "timeouts": null,
            "vpc_id": "vpc-0b322af01e9f3ebfe"
          },
          "sensitive_attributes": [],
          "identity_schema_version": 0,
          "private": "eyJlMmJmYjczMC1lY2FhLTExZTYtOGY4OC0zNDM2M2JjN2M0YzAiOnsiY3JlYXRlIjo2MDAwMDAwMDAwMDAsImRlbGV0ZSI6OTAwMDAwMDAwMDAwfSwic2NoZW1hX3ZlcnNpb24iOiIxIn0=",
          "dependencies": [
            "module.vpc.aws_security_group.ecs_container",
            "module.vpc.aws_vpc.main"
          ]
        }
      ]
    },
    {
      "module": "module.vpc",
      "mode": "managed",
      "type": "aws_subnet",
      "name": "private_a",
      "provider": "provider[\"registry.terraform.io/hashicorp/aws\"]",
      "instances": [
        {
          "schema_version": 1,
          "attributes": {
            "arn": "arn:aws:ec2:us-east-1:037689899742:subnet/subnet-0c0b5111699c110ac",
            "assign_ipv6_address_on_creation": false,
            "availability_zone": "us-east-1a",
            "availability_zone_id": "use1-az1",
            "cidr_block": "10.0.1.0/24",
            "customer_owned_ipv4_pool": "",
            "enable_dns64": false,
            "enable_lni_at_device_index": 0,
            "enable_resource_name_dns_a_record_on_launch": false,
            "enable_resource_name_dns_aaaa_record_on_launch": false,
            "id": "subnet-0c0b5111699c110ac",
            "ipv6_cidr_block": "",
            "ipv6_cidr_block_association_id": "",
            "ipv6_native": false,
            "map_customer_owned_ip_on_launch": false,
            "map_public_ip_on_launch": false,
            "outpost_arn": "",
            "owner_id": "037689899742",
            "private_dns_hostname_type_on_launch": "ip-name",
            "tags": {
              "Environment": "dev",
              "ManagedBy": "Terraform",
              "Name": "MyMainVPC-PrvSubnetA",
              "Owner": "Demo",
              "Project": "Merida",
              "Type": "Private"
            },
            "tags_all": {
              "Environment": "dev",
              "ManagedBy": "Terraform",
              "Name": "MyMainVPC-PrvSubnetA",
              "Owner": "Demo",
              "Project": "Merida",
              "Type": "Private"
            },
            "timeouts": null,
            "vpc_id": "vpc-0b322af01e9f3ebfe"
          },
          "sensitive_attributes": [],
          "identity_schema_version": 0,
          "private": "eyJlMmJmYjczMC1lY2FhLTExZTYtOGY4OC0zNDM2M2JjN2M0YzAiOnsiY3JlYXRlIjo2MDAwMDAwMDAwMDAsImRlbGV0ZSI6MTIwMDAwMDAwMDAwMH0sInNjaGVtYV92ZXJzaW9uIjoiMSJ9",
          "dependencies": [
            "module.vpc.aws_vpc.main",
            "module.vpc.data.aws_availability_zones.available"
          ]
        }
      ]
    },
    {
      "module": "module.vpc",
      "mode": "managed",
      "type": "aws_subnet",
      "name": "private_b",
      "provider": "provider[\"registry.terraform.io/hashicorp/aws\"]",
      "instances": [
        {
          "schema_version": 1,
          "attributes": {
            "arn": "arn:aws:ec2:us-east-1:037689899742:subnet/subnet-06bbffd81fa1e0838",
            "assign_ipv6_address_on_creation": false,
            "availability_zone": "us-east-1b",
            "availability_zone_id": "use1-az2",
            "cidr_block": "10.0.3.0/24",
            "customer_owned_ipv4_pool": "",
            "enable_dns64": false,
            "enable_lni_at_device_index": 0,
            "enable_resource_name_dns_a_record_on_launch": false,
            "enable_resource_name_dns_aaaa_record_on_launch": false,
            "id": "subnet-06bbffd81fa1e0838",
            "ipv6_cidr_block": "",
            "ipv6_cidr_block_association_id": "",
            "ipv6_native": false,
            "map_customer_owned_ip_on_launch": false,
            "map_public_ip_on_launch": false,
            "outpost_arn": "",
            "owner_id": "037689899742",
            "private_dns_hostname_type_on_launch": "ip-name",
            "tags": {
              "Environment": "dev",
              "ManagedBy": "Terraform",
              "Name": "MyMainVPC-PrvSubnetB",
              "Owner": "Demo",
              "Project": "Merida",
              "Type": "Private"
            },
            "tags_all": {
              "Environment": "dev",
              "ManagedBy": "Terraform",
              "Name": "MyMainVPC-PrvSubnetB",
              "Owner": "Demo",
              "Project": "Merida",
              "Type": "Private"
            },
            "timeouts": null,
            "vpc_id": "vpc-0b322af01e9f3ebfe"
          },
          "sensitive_attributes": [],
          "identity_schema_version": 0,
          "private": "eyJlMmJmYjczMC1lY2FhLTExZTYtOGY4OC0zNDM2M2JjN2M0YzAiOnsiY3JlYXRlIjo2MDAwMDAwMDAwMDAsImRlbGV0ZSI6MTIwMDAwMDAwMDAwMH0sInNjaGVtYV92ZXJzaW9uIjoiMSJ9",
          "dependencies": [
            "module.vpc.aws_vpc.main",
            "module.vpc.data.aws_availability_zones.available"
          ]
        }
      ]
    },
    {
      "module": "module.vpc",
      "mode": "managed",
      "type": "aws_subnet",
      "name": "public_a",
      "provider": "provider[\"registry.terraform.io/hashicorp/aws\"]",
      "instances": [
        {
          "schema_version": 1,
          "attributes": {
            "arn": "arn:aws:ec2:us-east-1:037689899742:subnet/subnet-0df5d17e51492267f",
            "assign_ipv6_address_on_creation": false,
            "availability_zone": "us-east-1a",
            "availability_zone_id": "use1-az1",
            "cidr_block": "10.0.2.0/24",
            "customer_owned_ipv4_pool": "",
            "enable_dns64": false,
            "enable_lni_at_device_index": 0,
            "enable_resource_name_dns_a_record_on_launch": false,
            "enable_resource_name_dns_aaaa_record_on_launch": false,
            "id": "subnet-0df5d17e51492267f",
            "ipv6_cidr_block": "",
            "ipv6_cidr_block_association_id": "",
            "ipv6_native": false,
            "map_customer_owned_ip_on_launch": false,
            "map_public_ip_on_launch": true,
            "outpost_arn": "",
            "owner_id": "037689899742",
            "private_dns_hostname_type_on_launch": "ip-name",
            "tags": {
              "Environment": "dev",
              "ManagedBy": "Terraform",
              "Name": "MyMainVPC-PubSubnetA",
              "Owner": "Demo",
              "Project": "Merida",
              "Type": "Public"
            },
            "tags_all": {
              "Environment": "dev",
              "ManagedBy": "Terraform",
              "Name": "MyMainVPC-PubSubnetA",
              "Owner": "Demo",
              "Project": "Merida",
              "Type": "Public"
            },
            "timeouts": null,
            "vpc_id": "vpc-0b322af01e9f3ebfe"
          },
          "sensitive_attributes": [],
          "identity_schema_version": 0,
          "private": "eyJlMmJmYjczMC1lY2FhLTExZTYtOGY4OC0zNDM2M2JjN2M0YzAiOnsiY3JlYXRlIjo2MDAwMDAwMDAwMDAsImRlbGV0ZSI6MTIwMDAwMDAwMDAwMH0sInNjaGVtYV92ZXJzaW9uIjoiMSJ9",
          "dependencies": [
            "module.vpc.aws_vpc.main",
            "module.vpc.data.aws_availability_zones.available"
          ]
        }
      ]
    },
    {
      "module": "module.vpc",
      "mode": "managed",
      "type": "aws_subnet",
      "name": "public_b",
      "provider": "provider[\"registry.terraform.io/hashicorp/aws\"]",
      "instances": [
        {
          "schema_version": 1,
          "attributes": {
            "arn": "arn:aws:ec2:us-east-1:037689899742:subnet/subnet-0259c2eef55355800",
            "assign_ipv6_address_on_creation": false,
            "availability_zone": "us-east-1b",
            "availability_zone_id": "use1-az2",
            "cidr_block": "10.0.4.0/24",
            "customer_owned_ipv4_pool": "",
            "enable_dns64": false,
            "enable_lni_at_device_index": 0,
            "enable_resource_name_dns_a_record_on_launch": false,
            "enable_resource_name_dns_aaaa_record_on_launch": false,
            "id": "subnet-0259c2eef55355800",
            "ipv6_cidr_block": "",
            "ipv6_cidr_block_association_id": "",
            "ipv6_native": false,
            "map_customer_owned_ip_on_launch": false,
            "map_public_ip_on_launch": true,
            "outpost_arn": "",
            "owner_id": "037689899742",
            "private_dns_hostname_type_on_launch": "ip-name",
            "tags": {
              "Environment": "dev",
              "ManagedBy": "Terraform",
              "Name": "MyMainVPC-PubSubnetB",
              "Owner": "Demo",
              "Project": "Merida",
              "Type": "Public"
            },
            "tags_all": {
              "Environment": "dev",
              "ManagedBy": "Terraform",
              "Name": "MyMainVPC-PubSubnetB",
              "Owner": "Demo",
              "Project": "Merida",
              "Type": "Public"
            },
            "timeouts": null,
            "vpc_id": "vpc-0b322af01e9f3ebfe"
          },
          "sensitive_attributes": [],
          "identity_schema_version": 0,
          "private": "eyJlMmJmYjczMC1lY2FhLTExZTYtOGY4OC0zNDM2M2JjN2M0YzAiOnsiY3JlYXRlIjo2MDAwMDAwMDAwMDAsImRlbGV0ZSI6MTIwMDAwMDAwMDAwMH0sInNjaGVtYV92ZXJzaW9uIjoiMSJ9",
          "dependencies": [
            "module.vpc.aws_vpc.main",
            "module.vpc.data.aws_availability_zones.available"
          ]
        }
      ]
    },
    {
      "module": "module.vpc",
      "mode": "managed",
      "type": "aws_vpc",
      "name": "main",
      "provider": "provider[\"registry.terraform.io/hashicorp/aws\"]",
      "instances": [
        {
          "schema_version": 1,
          "attributes": {
            "arn": "arn:aws:ec2:us-east-1:037689899742:vpc/vpc-0b322af01e9f3ebfe",
            "assign_generated_ipv6_cidr_block": false,
            "cidr_block": "10.0.0.0/16",
            "default_network_acl_id": "acl-0169efc5c61673b0f",
            "default_route_table_id": "rtb-08065123c973d57eb",
            "default_security_group_id": "sg-0bdf5a8a5e7d959a2",
            "dhcp_options_id": "dopt-09df697d3db4098fe",
            "enable_dns_hostnames": true,
            "enable_dns_support": true,
            "enable_network_address_usage_metrics": false,
            "id": "vpc-0b322af01e9f3ebfe",
            "instance_tenancy": "default",
            "ipv4_ipam_pool_id": null,
            "ipv4_netmask_length": null,
            "ipv6_association_id": "",
            "ipv6_cidr_block": "",
            "ipv6_cidr_block_network_border_group": "",
            "ipv6_ipam_pool_id": "",
            "ipv6_netmask_length": 0,
            "main_route_table_id": "rtb-08065123c973d57eb",
            "owner_id": "037689899742",
            "tags": {
              "Environment": "dev",
              "ManagedBy": "Terraform",
              "Name": "MyMainVPC",
              "Owner": "Demo",
              "Project": "Merida"
            },
            "tags_all": {
              "Environment": "dev",
              "ManagedBy": "Terraform",
              "Name": "MyMainVPC",
              "Owner": "Demo",
              "Project": "Merida"
            }
          },
          "sensitive_attributes": [],
          "identity_schema_version": 0,
          "private": "eyJzY2hlbWFfdmVyc2lvbiI6IjEifQ=="
        }
      ]
    },
    {
      "module": "module.vpc",
      "mode": "managed",
      "type": "aws_vpc_endpoint",
      "name": "cloudwatch_logs",
      "provider": "provider[\"registry.terraform.io/hashicorp/aws\"]",
      "instances": [
        {
          "schema_version": 0,
          "attributes": {
            "arn": "arn:aws:ec2:us-east-1:037689899742:vpc-endpoint/vpce-01716ea75f8751906",
            "auto_accept": null,
            "cidr_blocks": [],
            "dns_entry": [
              {
                "dns_name": "vpce-01716ea75f8751906-u5dd9egk.logs.us-east-1.vpce.amazonaws.com",
                "hosted_zone_id": "Z7HUB22UULQXV"
              },
              {
                "dns_name": "vpce-01716ea75f8751906-u5dd9egk-us-east-1b.logs.us-east-1.vpce.amazonaws.com",
                "hosted_zone_id": "Z7HUB22UULQXV"
              },
              {
                "dns_name": "vpce-01716ea75f8751906-u5dd9egk-us-east-1a.logs.us-east-1.vpce.amazonaws.com",
                "hosted_zone_id": "Z7HUB22UULQXV"
              },
              {
                "dns_name": "logs.us-east-1.amazonaws.com",
                "hosted_zone_id": "Z06243813RW4W6LC9NN1X"
              },
              {
                "dns_name": "streaming-logs.us-east-1.amazonaws.com",
                "hosted_zone_id": "Z02525983Q7VUHWGX2TD6"
              },
              {
                "dns_name": "streaming-logs.us-east-1.api.aws",
                "hosted_zone_id": "Z02525972XH4JH0AIZ91H"
              },
              {
                "dns_name": "logs.us-east-1.api.aws",
                "hosted_zone_id": "Z02516222ST28RZ7DD1R7"
              }
            ],
            "dns_options": [
              {
                "dns_record_ip_type": "ipv4",
                "private_dns_only_for_inbound_resolver_endpoint": false
              }
            ],
            "id": "vpce-01716ea75f8751906",
            "ip_address_type": "ipv4",
            "network_interface_ids": [
              "eni-07b4016d3a2459ce6",
              "eni-0a575c036d573ef39"
            ],
            "owner_id": "037689899742",
            "policy": "{\"Statement\":[{\"Action\":\"*\",\"Effect\":\"Allow\",\"Principal\":\"*\",\"Resource\":\"*\"}]}",
            "prefix_list_id": null,
            "private_dns_enabled": true,
            "requester_managed": false,
            "resource_configuration_arn": "",
            "route_table_ids": [],
            "security_group_ids": [
              "sg-048e9fb0993a6b684"
            ],
            "service_name": "com.amazonaws.us-east-1.logs",
            "service_network_arn": "",
            "service_region": "us-east-1",
            "state": "available",
            "subnet_configuration": [
              {
                "ipv4": "10.0.1.50",
                "ipv6": "",
                "subnet_id": "subnet-0c0b5111699c110ac"
              },
              {
                "ipv4": "10.0.3.131",
                "ipv6": "",
                "subnet_id": "subnet-06bbffd81fa1e0838"
              }
            ],
            "subnet_ids": [
              "subnet-06bbffd81fa1e0838",
              "subnet-0c0b5111699c110ac"
            ],
            "tags": {
              "Environment": "dev",
              "ManagedBy": "Terraform",
              "Name": "MyMainVPC-CloudWatch-Logs-Endpoint",
              "Project": "Merida"
            },
            "tags_all": {
              "Environment": "dev",
              "ManagedBy": "Terraform",
              "Name": "MyMainVPC-CloudWatch-Logs-Endpoint",
              "Project": "Merida"
            },
            "timeouts": null,
            "vpc_endpoint_type": "Interface",
            "vpc_id": "vpc-0b322af01e9f3ebfe"
          },
          "sensitive_attributes": [],
          "identity_schema_version": 0,
          "private": "eyJlMmJmYjczMC1lY2FhLTExZTYtOGY4OC0zNDM2M2JjN2M0YzAiOnsiY3JlYXRlIjo2MDAwMDAwMDAwMDAsImRlbGV0ZSI6NjAwMDAwMDAwMDAwLCJ1cGRhdGUiOjYwMDAwMDAwMDAwMH19",
          "dependencies": [
            "module.vpc.aws_security_group.ecs_container",
            "module.vpc.aws_security_group.vpc_endpoints",
            "module.vpc.aws_subnet.private_a",
            "module.vpc.aws_subnet.private_b",
            "module.vpc.aws_vpc.main",
            "module.vpc.data.aws_availability_zones.available"
          ]
        }
      ]
    },
    {
      "module": "module.vpc",
      "mode": "managed",
      "type": "aws_vpc_endpoint",
      "name": "dynamodb",
      "provider": "provider[\"registry.terraform.io/hashicorp/aws\"]",
      "instances": [
        {
          "schema_version": 0,
          "attributes": {
            "arn": "arn:aws:ec2:us-east-1:037689899742:vpc-endpoint/vpce-05b4fc0e91ac3cc2c",
            "auto_accept": null,
            "cidr_blocks": [
              "35.71.70.0/24",
              "3.218.182.0/24",
              "3.218.180.0/23",
              "35.71.68.0/23",
              "52.94.0.0/22",
              "52.119.224.0/20"
            ],
            "dns_entry": [],
            "dns_options": [
              {
                "dns_record_ip_type": "service-defined",
                "private_dns_only_for_inbound_resolver_endpoint": false
              }
            ],
            "id": "vpce-05b4fc0e91ac3cc2c",
            "ip_address_type": "ipv4",
            "network_interface_ids": [],
            "owner_id": "037689899742",
            "policy": "{\"Statement\":[{\"Action\":\"*\",\"Effect\":\"Allow\",\"Principal\":\"*\",\"Resource\":\"*\"}],\"Version\":\"2008-10-17\"}",
            "prefix_list_id": "pl-02cd2c6b",
            "private_dns_enabled": false,
            "requester_managed": false,
            "resource_configuration_arn": "",
            "route_table_ids": [
              "rtb-0a19fd08d4fb6400f"
            ],
            "security_group_ids": [],
            "service_name": "com.amazonaws.us-east-1.dynamodb",
            "service_network_arn": "",
            "service_region": "us-east-1",
            "state": "available",
            "subnet_configuration": [],
            "subnet_ids": [],
            "tags": {
              "Environment": "dev",
              "ManagedBy": "Terraform",
              "Name": "MyMainVPC-DynamoDB-Endpoint",
              "Project": "Merida"
            },
            "tags_all": {
              "Environment": "dev",
              "ManagedBy": "Terraform",
              "Name": "MyMainVPC-DynamoDB-Endpoint",
              "Project": "Merida"
            },
            "timeouts": null,
            "vpc_endpoint_type": "Gateway",
            "vpc_id": "vpc-0b322af01e9f3ebfe"
          },
          "sensitive_attributes": [],
          "identity_schema_version": 0,
          "private": "eyJlMmJmYjczMC1lY2FhLTExZTYtOGY4OC0zNDM2M2JjN2M0YzAiOnsiY3JlYXRlIjo2MDAwMDAwMDAwMDAsImRlbGV0ZSI6NjAwMDAwMDAwMDAwLCJ1cGRhdGUiOjYwMDAwMDAwMDAwMH19",
          "dependencies": [
            "module.vpc.aws_route_table.private",
            "module.vpc.aws_vpc.main"
          ]
        }
      ]
    },
    {
      "module": "module.vpc",
      "mode": "managed",
      "type": "aws_vpc_endpoint",
      "name": "ecr_api",
      "provider": "provider[\"registry.terraform.io/hashicorp/aws\"]",
      "instances": [
        {
          "schema_version": 0,
          "attributes": {
            "arn": "arn:aws:ec2:us-east-1:037689899742:vpc-endpoint/vpce-086620c4274b58220",
            "auto_accept": null,
            "cidr_blocks": [],
            "dns_entry": [
              {
                "dns_name": "vpce-086620c4274b58220-c284uojs.api.ecr.us-east-1.vpce.amazonaws.com",
                "hosted_zone_id": "Z7HUB22UULQXV"
              },
              {
                "dns_name": "vpce-086620c4274b58220-c284uojs-us-east-1b.api.ecr.us-east-1.vpce.amazonaws.com",
                "hosted_zone_id": "Z7HUB22UULQXV"
              },
              {
                "dns_name": "vpce-086620c4274b58220-c284uojs-us-east-1a.api.ecr.us-east-1.vpce.amazonaws.com",
                "hosted_zone_id": "Z7HUB22UULQXV"
              },
              {
                "dns_name": "api.ecr.us-east-1.amazonaws.com",
                "hosted_zone_id": "Z06288103EZH502YDBNQU"
              },
              {
                "dns_name": "ecr.us-east-1.api.aws",
                "hosted_zone_id": "Z054920533JCQHOISJS78"
              }
            ],
            "dns_options": [
              {
                "dns_record_ip_type": "ipv4",
                "private_dns_only_for_inbound_resolver_endpoint": false
              }
            ],
            "id": "vpce-086620c4274b58220",
            "ip_address_type": "ipv4",
            "network_interface_ids": [
              "eni-05f657b91339114ae",
              "eni-0cb2554b8033dc05a"
            ],
            "owner_id": "037689899742",
            "policy": "{\"Statement\":[{\"Action\":\"*\",\"Effect\":\"Allow\",\"Principal\":\"*\",\"Resource\":\"*\"}]}",
            "prefix_list_id": null,
            "private_dns_enabled": true,
            "requester_managed": false,
            "resource_configuration_arn": "",
            "route_table_ids": [],
            "security_group_ids": [
              "sg-048e9fb0993a6b684"
            ],
            "service_name": "com.amazonaws.us-east-1.ecr.api",
            "service_network_arn": "",
            "service_region": "us-east-1",
            "state": "available",
            "subnet_configuration": [
              {
                "ipv4": "10.0.1.47",
                "ipv6": "",
                "subnet_id": "subnet-0c0b5111699c110ac"
              },
              {
                "ipv4": "10.0.3.144",
                "ipv6": "",
                "subnet_id": "subnet-06bbffd81fa1e0838"
              }
            ],
            "subnet_ids": [
              "subnet-06bbffd81fa1e0838",
              "subnet-0c0b5111699c110ac"
            ],
            "tags": {
              "Environment": "dev",
              "ManagedBy": "Terraform",
              "Name": "MyMainVPC-ECR-API-Endpoint",
              "Project": "Merida"
            },
            "tags_all": {
              "Environment": "dev",
              "ManagedBy": "Terraform",
              "Name": "MyMainVPC-ECR-API-Endpoint",
              "Project": "Merida"
            },
            "timeouts": null,
            "vpc_endpoint_type": "Interface",
            "vpc_id": "vpc-0b322af01e9f3ebfe"
          },
          "sensitive_attributes": [],
          "identity_schema_version": 0,
          "private": "eyJlMmJmYjczMC1lY2FhLTExZTYtOGY4OC0zNDM2M2JjN2M0YzAiOnsiY3JlYXRlIjo2MDAwMDAwMDAwMDAsImRlbGV0ZSI6NjAwMDAwMDAwMDAwLCJ1cGRhdGUiOjYwMDAwMDAwMDAwMH19",
          "dependencies": [
            "module.vpc.aws_security_group.ecs_container",
            "module.vpc.aws_security_group.vpc_endpoints",
            "module.vpc.aws_subnet.private_a",
            "module.vpc.aws_subnet.private_b",
            "module.vpc.aws_vpc.main",
            "module.vpc.data.aws_availability_zones.available"
          ]
        }
      ]
    },
    {
      "module": "module.vpc",
      "mode": "managed",
      "type": "aws_vpc_endpoint",
      "name": "ecr_dkr",
      "provider": "provider[\"registry.terraform.io/hashicorp/aws\"]",
      "instances": [
        {
          "schema_version": 0,
          "attributes": {
            "arn": "arn:aws:ec2:us-east-1:037689899742:vpc-endpoint/vpce-03a04434862d9afb1",
            "auto_accept": null,
            "cidr_blocks": [],
            "dns_entry": [
              {
                "dns_name": "vpce-03a04434862d9afb1-temgpa09.dkr.ecr.us-east-1.vpce.amazonaws.com",
                "hosted_zone_id": "Z7HUB22UULQXV"
              },
              {
                "dns_name": "vpce-03a04434862d9afb1-temgpa09-us-east-1a.dkr.ecr.us-east-1.vpce.amazonaws.com",
                "hosted_zone_id": "Z7HUB22UULQXV"
              },
              {
                "dns_name": "vpce-03a04434862d9afb1-temgpa09-us-east-1b.dkr.ecr.us-east-1.vpce.amazonaws.com",
                "hosted_zone_id": "Z7HUB22UULQXV"
              },
              {
                "dns_name": "dkr.ecr.us-east-1.amazonaws.com",
                "hosted_zone_id": "Z062929531UAO107HA81S"
              },
              {
                "dns_name": "*.dkr.ecr.us-east-1.amazonaws.com",
                "hosted_zone_id": "Z062929531UAO107HA81S"
              },
              {
                "dns_name": "dkr-ecr.us-east-1.on.aws",
                "hosted_zone_id": "Z0624331C6TIE9DC0RQ8"
              },
              {
                "dns_name": "*.dkr-ecr.us-east-1.on.aws",
                "hosted_zone_id": "Z0624331C6TIE9DC0RQ8"
              }
            ],
            "dns_options": [
              {
                "dns_record_ip_type": "ipv4",
                "private_dns_only_for_inbound_resolver_endpoint": false
              }
            ],
            "id": "vpce-03a04434862d9afb1",
            "ip_address_type": "ipv4",
            "network_interface_ids": [
              "eni-009078654c5ad5682",
              "eni-0cc79eb3c0e000508"
            ],
            "owner_id": "037689899742",
            "policy": "{\"Statement\":[{\"Action\":\"*\",\"Effect\":\"Allow\",\"Principal\":\"*\",\"Resource\":\"*\"}]}",
            "prefix_list_id": null,
            "private_dns_enabled": true,
            "requester_managed": false,
            "resource_configuration_arn": "",
            "route_table_ids": [],
            "security_group_ids": [
              "sg-048e9fb0993a6b684"
            ],
            "service_name": "com.amazonaws.us-east-1.ecr.dkr",
            "service_network_arn": "",
            "service_region": "us-east-1",
            "state": "available",
            "subnet_configuration": [
              {
                "ipv4": "10.0.1.238",
                "ipv6": "",
                "subnet_id": "subnet-0c0b5111699c110ac"
              },
              {
                "ipv4": "10.0.3.226",
                "ipv6": "",
                "subnet_id": "subnet-06bbffd81fa1e0838"
              }
            ],
            "subnet_ids": [
              "subnet-06bbffd81fa1e0838",
              "subnet-0c0b5111699c110ac"
            ],
            "tags": {
              "Environment": "dev",
              "ManagedBy": "Terraform",
              "Name": "MyMainVPC-ECR-DKR-Endpoint",
              "Project": "Merida"
            },
            "tags_all": {
              "Environment": "dev",
              "ManagedBy": "Terraform",
              "Name": "MyMainVPC-ECR-DKR-Endpoint",
              "Project": "Merida"
            },
            "timeouts": null,
            "vpc_endpoint_type": "Interface",
            "vpc_id": "vpc-0b322af01e9f3ebfe"
          },
          "sensitive_attributes": [],
          "identity_schema_version": 0,
          "private": "eyJlMmJmYjczMC1lY2FhLTExZTYtOGY4OC0zNDM2M2JjN2M0YzAiOnsiY3JlYXRlIjo2MDAwMDAwMDAwMDAsImRlbGV0ZSI6NjAwMDAwMDAwMDAwLCJ1cGRhdGUiOjYwMDAwMDAwMDAwMH19",
          "dependencies": [
            "module.vpc.aws_security_group.ecs_container",
            "module.vpc.aws_security_group.vpc_endpoints",
            "module.vpc.aws_subnet.private_a",
            "module.vpc.aws_subnet.private_b",
            "module.vpc.aws_vpc.main",
            "module.vpc.data.aws_availability_zones.available"
          ]
        }
      ]
    },
    {
      "module": "module.vpc",
      "mode": "managed",
      "type": "aws_vpc_endpoint",
      "name": "s3",
      "provider": "provider[\"registry.terraform.io/hashicorp/aws\"]",
      "instances": [
        {
          "schema_version": 0,
          "attributes": {
            "arn": "arn:aws:ec2:us-east-1:037689899742:vpc-endpoint/vpce-006f67bd2c8e934bd",
            "auto_accept": null,
            "cidr_blocks": [
              "16.15.176.0/20",
              "16.182.0.0/16",
              "18.34.0.0/19",
              "52.216.0.0/15",
              "54.231.0.0/16",
              "3.5.0.0/19",
              "18.34.232.0/21",
              "16.15.192.0/18"
            ],
            "dns_entry": [],
            "dns_options": [
              {
                "dns_record_ip_type": "service-defined",
                "private_dns_only_for_inbound_resolver_endpoint": false
              }
            ],
            "id": "vpce-006f67bd2c8e934bd",
            "ip_address_type": "ipv4",
            "network_interface_ids": [],
            "owner_id": "037689899742",
            "policy": "{\"Statement\":[{\"Action\":\"*\",\"Effect\":\"Allow\",\"Principal\":\"*\",\"Resource\":\"*\"}],\"Version\":\"2008-10-17\"}",
            "prefix_list_id": "pl-63a5400a",
            "private_dns_enabled": false,
            "requester_managed": false,
            "resource_configuration_arn": "",
            "route_table_ids": [
              "rtb-0a19fd08d4fb6400f"
            ],
            "security_group_ids": [],
            "service_name": "com.amazonaws.us-east-1.s3",
            "service_network_arn": "",
            "service_region": "us-east-1",
            "state": "available",
            "subnet_configuration": [],
            "subnet_ids": [],
            "tags": {
              "Environment": "dev",
              "ManagedBy": "Terraform",
              "Name": "MyMainVPC-S3-Endpoint",
              "Project": "Merida"
            },
            "tags_all": {
              "Environment": "dev",
              "ManagedBy": "Terraform",
              "Name": "MyMainVPC-S3-Endpoint",
              "Project": "Merida"
            },
            "timeouts": null,
            "vpc_endpoint_type": "Gateway",
            "vpc_id": "vpc-0b322af01e9f3ebfe"
          },
          "sensitive_attributes": [],
          "identity_schema_version": 0,
          "private": "eyJlMmJmYjczMC1lY2FhLTExZTYtOGY4OC0zNDM2M2JjN2M0YzAiOnsiY3JlYXRlIjo2MDAwMDAwMDAwMDAsImRlbGV0ZSI6NjAwMDAwMDAwMDAwLCJ1cGRhdGUiOjYwMDAwMDAwMDAwMH19",
          "dependencies": [
            "module.vpc.aws_route_table.private",
            "module.vpc.aws_vpc.main"
          ]
        }
      ]
    }
  ],
  "check_results": null
}
